// !$*UTF8*$!
{
	archiveVersion = 1;
	classes = {
	};
	objectVersion = 46;
	objects = {

/* Begin PBXBuildFile section */
		1839BB011824D7D400EEEB03 /* Callback.cpp in Sources */ = {isa = PBXBuildFile; fileRef = 1839BAF11824D7D400EEEB03 /* Callback.cpp */; };
		1839BB021824D7D400EEEB03 /* DatabaseManager.cpp in Sources */ = {isa = PBXBuildFile; fileRef = 1839BAF21824D7D400EEEB03 /* DatabaseManager.cpp */; };
		1839BB031824D7D400EEEB03 /* FileHelper.cpp in Sources */ = {isa = PBXBuildFile; fileRef = 1839BAF31824D7D400EEEB03 /* FileHelper.cpp */; };
		1839BB041824D7D400EEEB03 /* FileManager.cpp in Sources */ = {isa = PBXBuildFile; fileRef = 1839BAF41824D7D400EEEB03 /* FileManager.cpp */; };
		1839BB051824D7D400EEEB03 /* Logger.cpp in Sources */ = {isa = PBXBuildFile; fileRef = 1839BAF51824D7D400EEEB03 /* Logger.cpp */; };
		1839BB061824D7D400EEEB03 /* MemberCallback.cpp in Sources */ = {isa = PBXBuildFile; fileRef = 1839BAF61824D7D400EEEB03 /* MemberCallback.cpp */; };
		1839BB071824D7D400EEEB03 /* PlatformManager.cpp in Sources */ = {isa = PBXBuildFile; fileRef = 1839BAF71824D7D400EEEB03 /* PlatformManager.cpp */; };
		1839BB081824D7D400EEEB03 /* Property.cpp in Sources */ = {isa = PBXBuildFile; fileRef = 1839BAF81824D7D400EEEB03 /* Property.cpp */; };
		1839BB091824D7D400EEEB03 /* PropertyList.cpp in Sources */ = {isa = PBXBuildFile; fileRef = 1839BAF91824D7D400EEEB03 /* PropertyList.cpp */; };
		1839BB0A1824D7D400EEEB03 /* SharedPtr.cpp in Sources */ = {isa = PBXBuildFile; fileRef = 1839BAFA1824D7D400EEEB03 /* SharedPtr.cpp */; };
		1839BB0C1824D7D400EEEB03 /* StringHelper.cpp in Sources */ = {isa = PBXBuildFile; fileRef = 1839BAFD1824D7D400EEEB03 /* StringHelper.cpp */; };
		1839BB0D1824D7D400EEEB03 /* TextManager.cpp in Sources */ = {isa = PBXBuildFile; fileRef = 1839BAFE1824D7D400EEEB03 /* TextManager.cpp */; };
		1839BB0E1824D7D400EEEB03 /* UTF8Helper.cpp in Sources */ = {isa = PBXBuildFile; fileRef = 1839BAFF1824D7D400EEEB03 /* UTF8Helper.cpp */; };
		1839BB0F1824D7D400EEEB03 /* XML.cpp in Sources */ = {isa = PBXBuildFile; fileRef = 1839BB001824D7D400EEEB03 /* XML.cpp */; };
		1839BB111824D80A00EEEB03 /* libxml2.dylib in Frameworks */ = {isa = PBXBuildFile; fileRef = 1839BB101824D80A00EEEB03 /* libxml2.dylib */; };
		4F00A6B818026477003B057C /* AnimationDelegate.m in Sources */ = {isa = PBXBuildFile; fileRef = 4F00A69C18026477003B057C /* AnimationDelegate.m */; };
		4F00A6B918026477003B057C /* AnimationFrame.m in Sources */ = {isa = PBXBuildFile; fileRef = 4F00A69E18026477003B057C /* AnimationFrame.m */; };
		4F00A6BA18026477003B057C /* FlipView.m in Sources */ = {isa = PBXBuildFile; fileRef = 4F00A6A018026477003B057C /* FlipView.m */; };
		4F00A6BB18026477003B057C /* GenericAnimationView.m in Sources */ = {isa = PBXBuildFile; fileRef = 4F00A6A218026477003B057C /* GenericAnimationView.m */; };
		4F00A6BC18026477003B057C /* UIView+Image.m in Sources */ = {isa = PBXBuildFile; fileRef = 4F00A6A418026477003B057C /* UIView+Image.m */; };
		4F00A6BD18026477003B057C /* AccelerationAnimation.m in Sources */ = {isa = PBXBuildFile; fileRef = 4F00A6A718026477003B057C /* AccelerationAnimation.m */; };
		4F00A6BE18026477003B057C /* Evaluate.m in Sources */ = {isa = PBXBuildFile; fileRef = 4F00A6A918026477003B057C /* Evaluate.m */; };
		4F00A6BF18026477003B057C /* REBackgroundView.m in Sources */ = {isa = PBXBuildFile; fileRef = 4F00A6AB18026477003B057C /* REBackgroundView.m */; };
		4F00A6C018026477003B057C /* RESideMenu.m in Sources */ = {isa = PBXBuildFile; fileRef = 4F00A6AD18026477003B057C /* RESideMenu.m */; };
		4F00A6C118026477003B057C /* RESideMenuCell.m in Sources */ = {isa = PBXBuildFile; fileRef = 4F00A6AF18026477003B057C /* RESideMenuCell.m */; };
		4F00A6C218026477003B057C /* RESideMenuItem.m in Sources */ = {isa = PBXBuildFile; fileRef = 4F00A6B118026477003B057C /* RESideMenuItem.m */; };
		4F00A6C318026477003B057C /* UINavigationController+DelegateFixes.m in Sources */ = {isa = PBXBuildFile; fileRef = 4F00A6B318026477003B057C /* UINavigationController+DelegateFixes.m */; };
		4F00A6C418026477003B057C /* UIView+ImageSnapshot.m in Sources */ = {isa = PBXBuildFile; fileRef = 4F00A6B518026477003B057C /* UIView+ImageSnapshot.m */; };
		4F00A6C518026477003B057C /* UIViewController+RESideMenu.m in Sources */ = {isa = PBXBuildFile; fileRef = 4F00A6B718026477003B057C /* UIViewController+RESideMenu.m */; };
		4F00A6C71802649E003B057C /* QuartzCore.framework in Frameworks */ = {isa = PBXBuildFile; fileRef = 4F00A6C61802649E003B057C /* QuartzCore.framework */; };
		4F029AE11826B0C900EE6183 /* UIImageView+TalkingScene.m in Sources */ = {isa = PBXBuildFile; fileRef = 4F029AE01826B0C900EE6183 /* UIImageView+TalkingScene.m */; };
		4F029AF61826B32E00EE6183 /* AFHTTPClient.m in Sources */ = {isa = PBXBuildFile; fileRef = 4F029AE41826B32E00EE6183 /* AFHTTPClient.m */; settings = {COMPILER_FLAGS = "-fobjc-arc"; }; };
		4F029AF71826B32E00EE6183 /* AFHTTPRequestOperation.m in Sources */ = {isa = PBXBuildFile; fileRef = 4F029AE61826B32E00EE6183 /* AFHTTPRequestOperation.m */; settings = {COMPILER_FLAGS = "-fobjc-arc"; }; };
		4F029AF81826B32E00EE6183 /* AFImageRequestOperation.m in Sources */ = {isa = PBXBuildFile; fileRef = 4F029AE81826B32E00EE6183 /* AFImageRequestOperation.m */; settings = {COMPILER_FLAGS = "-fobjc-arc"; }; };
		4F029AF91826B32E00EE6183 /* AFJSONRequestOperation.m in Sources */ = {isa = PBXBuildFile; fileRef = 4F029AEA1826B32E00EE6183 /* AFJSONRequestOperation.m */; settings = {COMPILER_FLAGS = "-fobjc-arc"; }; };
		4F029AFA1826B32E00EE6183 /* AFNetworkActivityIndicatorManager.m in Sources */ = {isa = PBXBuildFile; fileRef = 4F029AEC1826B32E00EE6183 /* AFNetworkActivityIndicatorManager.m */; settings = {COMPILER_FLAGS = "-fobjc-arc"; }; };
		4F029AFB1826B32E00EE6183 /* AFPropertyListRequestOperation.m in Sources */ = {isa = PBXBuildFile; fileRef = 4F029AEF1826B32E00EE6183 /* AFPropertyListRequestOperation.m */; settings = {COMPILER_FLAGS = "-fobjc-arc"; }; };
		4F029AFC1826B32E00EE6183 /* AFURLConnectionOperation.m in Sources */ = {isa = PBXBuildFile; fileRef = 4F029AF11826B32E00EE6183 /* AFURLConnectionOperation.m */; settings = {COMPILER_FLAGS = "-fobjc-arc"; }; };
		4F029AFD1826B32E00EE6183 /* AFXMLRequestOperation.m in Sources */ = {isa = PBXBuildFile; fileRef = 4F029AF31826B32E00EE6183 /* AFXMLRequestOperation.m */; settings = {COMPILER_FLAGS = "-fobjc-arc"; }; };
		4F029AFE1826B32E00EE6183 /* UIImageView+AFNetworking.m in Sources */ = {isa = PBXBuildFile; fileRef = 4F029AF51826B32E00EE6183 /* UIImageView+AFNetworking.m */; settings = {COMPILER_FLAGS = "-fobjc-arc"; }; };
		4F029B001826B3AD00EE6183 /* Security.framework in Frameworks */ = {isa = PBXBuildFile; fileRef = 4F029AFF1826B3AD00EE6183 /* Security.framework */; };
		4F476EF71D9FE81200610FB2 /* UIKit.framework in Frameworks */ = {isa = PBXBuildFile; fileRef = 4F476EF61D9FE81200610FB2 /* UIKit.framework */; };
		4F476EF91D9FE81200610FB2 /* Foundation.framework in Frameworks */ = {isa = PBXBuildFile; fileRef = 4F476EF81D9FE81200610FB2 /* Foundation.framework */; };
		4F476EFB1D9FE81200610FB2 /* CoreGraphics.framework in Frameworks */ = {isa = PBXBuildFile; fileRef = 4F476EFA1D9FE81200610FB2 /* CoreGraphics.framework */; };
		4F476F011D9FE81200610FB2 /* InfoPlist.strings in Resources */ = {isa = PBXBuildFile; fileRef = 4F476EFF1D9FE81200610FB2 /* InfoPlist.strings */; };
		4F476F031D9FE81200610FB2 /* main.m in Sources */ = {isa = PBXBuildFile; fileRef = 4F476F021D9FE81200610FB2 /* main.m */; };
		4F476F071D9FE81200610FB2 /* AppDelegate.m in Sources */ = {isa = PBXBuildFile; fileRef = 4F476F061D9FE81200610FB2 /* AppDelegate.m */; };
		4F476F091D9FE81200610FB2 /* Default.png in Resources */ = {isa = PBXBuildFile; fileRef = 4F476F081D9FE81200610FB2 /* Default.png */; };
		4F476F0B1D9FE81200610FB2 /* Default@2x.png in Resources */ = {isa = PBXBuildFile; fileRef = 4F476F0A1D9FE81200610FB2 /* Default@2x.png */; };
		4F476F0D1D9FE81200610FB2 /* Default-568h@2x.png in Resources */ = {isa = PBXBuildFile; fileRef = 4F476F0C1D9FE81200610FB2 /* Default-568h@2x.png */; };
		4F476F101D9FE81200610FB2 /* ViewController.mm in Sources */ = {isa = PBXBuildFile; fileRef = 4F476F0F1D9FE81200610FB2 /* ViewController.mm */; };
		4F476F131D9FE81200610FB2 /* ViewController.xib in Resources */ = {isa = PBXBuildFile; fileRef = 4F476F111D9FE81200610FB2 /* ViewController.xib */; };
		4F4D8F7E1823BFC300D611C8 /* MKAnnotationView+WebCache.m in Sources */ = {isa = PBXBuildFile; fileRef = 4F4D8F6A1823BFC300D611C8 /* MKAnnotationView+WebCache.m */; };
		4F4D8F7F1823BFC300D611C8 /* SDImageCache.m in Sources */ = {isa = PBXBuildFile; fileRef = 4F4D8F6C1823BFC300D611C8 /* SDImageCache.m */; };
		4F4D8F801823BFC300D611C8 /* SDWebImageDecoder.m in Sources */ = {isa = PBXBuildFile; fileRef = 4F4D8F701823BFC300D611C8 /* SDWebImageDecoder.m */; };
		4F4D8F811823BFC300D611C8 /* SDWebImageDownloader.m in Sources */ = {isa = PBXBuildFile; fileRef = 4F4D8F721823BFC300D611C8 /* SDWebImageDownloader.m */; };
		4F4D8F821823BFC300D611C8 /* SDWebImageManager.m in Sources */ = {isa = PBXBuildFile; fileRef = 4F4D8F751823BFC300D611C8 /* SDWebImageManager.m */; };
		4F4D8F831823BFC300D611C8 /* SDWebImagePrefetcher.m in Sources */ = {isa = PBXBuildFile; fileRef = 4F4D8F781823BFC300D611C8 /* SDWebImagePrefetcher.m */; };
		4F4D8F841823BFC300D611C8 /* UIButton+WebCache.m in Sources */ = {isa = PBXBuildFile; fileRef = 4F4D8F7A1823BFC300D611C8 /* UIButton+WebCache.m */; };
		4F4D8F851823BFC300D611C8 /* UIImageView+WebCache.m in Sources */ = {isa = PBXBuildFile; fileRef = 4F4D8F7C1823BFC300D611C8 /* UIImageView+WebCache.m */; };
		4F4D8F871823C0E800D611C8 /* ImageIO.framework in Frameworks */ = {isa = PBXBuildFile; fileRef = 4F4D8F861823C0E800D611C8 /* ImageIO.framework */; };
		4F4D8F891823C0F000D611C8 /* MapKit.framework in Frameworks */ = {isa = PBXBuildFile; fileRef = 4F4D8F881823C0F000D611C8 /* MapKit.framework */; };
		4F4D8F8C1823C20F00D611C8 /* TSDialogView.m in Sources */ = {isa = PBXBuildFile; fileRef = 4F4D8F8A1823C20F00D611C8 /* TSDialogView.m */; };
		4F4D8F981823C2AF00D611C8 /* Cang.jpg in Resources */ = {isa = PBXBuildFile; fileRef = 4F4D8F8E1823C2AF00D611C8 /* Cang.jpg */; };
		4F4D8F991823C2AF00D611C8 /* Tang.JPG in Resources */ = {isa = PBXBuildFile; fileRef = 4F4D8F8F1823C2AF00D611C8 /* Tang.JPG */; };
		4F4D8F9A1823C2AF00D611C8 /* TS_Login_BKG.png in Resources */ = {isa = PBXBuildFile; fileRef = 4F4D8F911823C2AF00D611C8 /* TS_Login_BKG.png */; };
		4F4D8F9B1823C2AF00D611C8 /* TS_Cus_DialogLeft_BKG.png in Resources */ = {isa = PBXBuildFile; fileRef = 4F4D8F931823C2AF00D611C8 /* TS_Cus_DialogLeft_BKG.png */; };
		4F4D8F9C1823C2AF00D611C8 /* TS_Cus_DialogLeftBig_BKG.png in Resources */ = {isa = PBXBuildFile; fileRef = 4F4D8F941823C2AF00D611C8 /* TS_Cus_DialogLeftBig_BKG.png */; };
		4F4D8F9D1823C2AF00D611C8 /* TS_Cus_DialogPortrait_BKG.png in Resources */ = {isa = PBXBuildFile; fileRef = 4F4D8F951823C2AF00D611C8 /* TS_Cus_DialogPortrait_BKG.png */; };
		4F4D8F9E1823C2AF00D611C8 /* TS_Cus_DialogRight_BKG.png in Resources */ = {isa = PBXBuildFile; fileRef = 4F4D8F961823C2AF00D611C8 /* TS_Cus_DialogRight_BKG.png */; };
		4F4D8F9F1823C2AF00D611C8 /* TS_Cus_DialogRightBig_BKG.png in Resources */ = {isa = PBXBuildFile; fileRef = 4F4D8F971823C2AF00D611C8 /* TS_Cus_DialogRightBig_BKG.png */; };
		4F57A68618039CA000A581D8 /* TSSceneSelectViewController.mm in Sources */ = {isa = PBXBuildFile; fileRef = 4F57A67418039CA000A581D8 /* TSSceneSelectViewController.mm */; };
		4F57A68718039CA000A581D8 /* TSSceneSelectViewController.xib in Resources */ = {isa = PBXBuildFile; fileRef = 4F57A67518039CA000A581D8 /* TSSceneSelectViewController.xib */; };
		4F57A68818039CA000A581D8 /* TSStorySelectViewController.mm in Sources */ = {isa = PBXBuildFile; fileRef = 4F57A67818039CA000A581D8 /* TSStorySelectViewController.mm */; };
		4F57A68918039CA000A581D8 /* TSStorySelectViewController.xib in Resources */ = {isa = PBXBuildFile; fileRef = 4F57A67918039CA000A581D8 /* TSStorySelectViewController.xib */; };
		4F57A68A18039CA000A581D8 /* TSLoginViewController.m in Sources */ = {isa = PBXBuildFile; fileRef = 4F57A67C18039CA000A581D8 /* TSLoginViewController.m */; };
		4F57A68B18039CA000A581D8 /* TSLoginViewController.xib in Resources */ = {isa = PBXBuildFile; fileRef = 4F57A67D18039CA000A581D8 /* TSLoginViewController.xib */; };
		4F57A68C18039CA000A581D8 /* TSBaseViewController.m in Sources */ = {isa = PBXBuildFile; fileRef = 4F57A68018039CA000A581D8 /* TSBaseViewController.m */; };
		4F57A68D18039CA000A581D8 /* TSBaseViewController.xib in Resources */ = {isa = PBXBuildFile; fileRef = 4F57A68118039CA000A581D8 /* TSBaseViewController.xib */; };
		4F57A68E18039CA000A581D8 /* TSRoleSelectViewController.m in Sources */ = {isa = PBXBuildFile; fileRef = 4F57A68418039CA000A581D8 /* TSRoleSelectViewController.m */; };
		4F57A68F18039CA000A581D8 /* TSRoleSelectViewController.xib in Resources */ = {isa = PBXBuildFile; fileRef = 4F57A68518039CA000A581D8 /* TSRoleSelectViewController.xib */; };
		4F5BB4E517FB0A070010B422 /* AVFoundation.framework in Frameworks */ = {isa = PBXBuildFile; fileRef = 4F5BB4E417FB0A070010B422 /* AVFoundation.framework */; };
		4F7C03481816DFE900B91B9A /* RCLabel.m in Sources */ = {isa = PBXBuildFile; fileRef = 4F7C03451816DFE900B91B9A /* RCLabel.m */; };
		4F7C03491816DFE900B91B9A /* RTLabel.m in Sources */ = {isa = PBXBuildFile; fileRef = 4F7C03471816DFE900B91B9A /* RTLabel.m */; settings = {COMPILER_FLAGS = "-fobjc-arc"; }; };
		4F7C034B1816E04800B91B9A /* CoreText.framework in Frameworks */ = {isa = PBXBuildFile; fileRef = 4F7C034A1816E04800B91B9A /* CoreText.framework */; };
		4F86449A180F8ED50003D008 /* FlipBoardNavigationController.m in Sources */ = {isa = PBXBuildFile; fileRef = 4F864499180F8ED50003D008 /* FlipBoardNavigationController.m */; };
		4F8644A3180FB3F70003D008 /* TS_Com_NavBarItem_BKG.png in Resources */ = {isa = PBXBuildFile; fileRef = 4F86449D180FB3F70003D008 /* TS_Com_NavBarItem_BKG.png */; };
		4F8644A4180FB3F70003D008 /* TS_Com_NavBarItem_BKG@2x.png in Resources */ = {isa = PBXBuildFile; fileRef = 4F86449E180FB3F70003D008 /* TS_Com_NavBarItem_BKG@2x.png */; };
		4F8644A6180FB3F70003D008 /* TS_Com_NavBar_BKG.png in Resources */ = {isa = PBXBuildFile; fileRef = 4F8644A0180FB3F70003D008 /* TS_Com_NavBar_BKG.png */; };
		4F8644A8180FB3F70003D008 /* TS_Com_NavBar_BKG@2x.png in Resources */ = {isa = PBXBuildFile; fileRef = 4F8644A2180FB3F70003D008 /* TS_Com_NavBar_BKG@2x.png */; };
		4F8644AB180FB5E40003D008 /* ImageNameRule.rtf in Resources */ = {isa = PBXBuildFile; fileRef = 4F8644AA180FB5E40003D008 /* ImageNameRule.rtf */; };
		4F8644AE180FB9DC0003D008 /* TS_Com_Back_Icon.png in Resources */ = {isa = PBXBuildFile; fileRef = 4F8644AC180FB9DC0003D008 /* TS_Com_Back_Icon.png */; };
		4F8644AF180FB9DC0003D008 /* TS_Com_Back_Icon@2x.png in Resources */ = {isa = PBXBuildFile; fileRef = 4F8644AD180FB9DC0003D008 /* TS_Com_Back_Icon@2x.png */; };
		4F8644B2180FBAB20003D008 /* TSNavigationBar.m in Sources */ = {isa = PBXBuildFile; fileRef = 4F8644B1180FBAB20003D008 /* TSNavigationBar.m */; };
		4FA9F8E9182A5FCC00CB7139 /* TSHTTPClient.m in Sources */ = {isa = PBXBuildFile; fileRef = 4FA9F8E8182A5FCC00CB7139 /* TSHTTPClient.m */; };
		4FA9F903182A601C00CB7139 /* CDataScanner.m in Sources */ = {isa = PBXBuildFile; fileRef = 4FA9F8EC182A601C00CB7139 /* CDataScanner.m */; };
		4FA9F904182A601C00CB7139 /* CFilteringJSONSerializer.m in Sources */ = {isa = PBXBuildFile; fileRef = 4FA9F8EF182A601C00CB7139 /* CFilteringJSONSerializer.m */; };
		4FA9F905182A601C00CB7139 /* CJSONDeserializer_BlocksExtensions.m in Sources */ = {isa = PBXBuildFile; fileRef = 4FA9F8F1182A601C00CB7139 /* CJSONDeserializer_BlocksExtensions.m */; };
		4FA9F906182A601C00CB7139 /* CJSONSerialization.m in Sources */ = {isa = PBXBuildFile; fileRef = 4FA9F8F3182A601C00CB7139 /* CJSONSerialization.m */; };
		4FA9F907182A601C00CB7139 /* CJSONSerializedData.m in Sources */ = {isa = PBXBuildFile; fileRef = 4FA9F8F5182A601C00CB7139 /* CJSONSerializedData.m */; };
		4FA9F908182A601C00CB7139 /* CDataScanner_Extensions.m in Sources */ = {isa = PBXBuildFile; fileRef = 4FA9F8F8182A601C00CB7139 /* CDataScanner_Extensions.m */; };
		4FA9F909182A601C00CB7139 /* NSDictionary_JSONExtensions.m in Sources */ = {isa = PBXBuildFile; fileRef = 4FA9F8FA182A601C00CB7139 /* NSDictionary_JSONExtensions.m */; };
		4FA9F90A182A601C00CB7139 /* CJSONDeserializer.m in Sources */ = {isa = PBXBuildFile; fileRef = 4FA9F8FD182A601C00CB7139 /* CJSONDeserializer.m */; };
		4FA9F90B182A601C00CB7139 /* CJSONScanner.m in Sources */ = {isa = PBXBuildFile; fileRef = 4FA9F8FF182A601C00CB7139 /* CJSONScanner.m */; };
		4FA9F90C182A601C00CB7139 /* CJSONSerializer.m in Sources */ = {isa = PBXBuildFile; fileRef = 4FA9F901182A601C00CB7139 /* CJSONSerializer.m */; };
		4FA9F910182A60A200CB7139 /* UIColor+Hex.m in Sources */ = {isa = PBXBuildFile; fileRef = 4FA9F90F182A60A200CB7139 /* UIColor+Hex.m */; };
		4FA9F91D182A618800CB7139 /* NSDictionary+safeDictionary.m in Sources */ = {isa = PBXBuildFile; fileRef = 4FA9F912182A618700CB7139 /* NSDictionary+safeDictionary.m */; };
		4FA9F91E182A618800CB7139 /* NSString+MD5Addition.m in Sources */ = {isa = PBXBuildFile; fileRef = 4FA9F914182A618800CB7139 /* NSString+MD5Addition.m */; };
		4FA9F91F182A618800CB7139 /* UIDevice+IdentifierAddition.m in Sources */ = {isa = PBXBuildFile; fileRef = 4FA9F916182A618800CB7139 /* UIDevice+IdentifierAddition.m */; };
		4FA9F920182A618800CB7139 /* UIImage+Scale.m in Sources */ = {isa = PBXBuildFile; fileRef = 4FA9F918182A618800CB7139 /* UIImage+Scale.m */; };
		4FA9F921182A618800CB7139 /* UINavigationBar+NavBarCfg.m in Sources */ = {isa = PBXBuildFile; fileRef = 4FA9F91A182A618800CB7139 /* UINavigationBar+NavBarCfg.m */; };
		4FA9F922182A618800CB7139 /* UIView+BFExtension.m in Sources */ = {isa = PBXBuildFile; fileRef = 4FA9F91C182A618800CB7139 /* UIView+BFExtension.m */; };
		4FA9F926182A627900CB7139 /* Reachability.m in Sources */ = {isa = PBXBuildFile; fileRef = 4FA9F925182A627900CB7139 /* Reachability.m */; };
		4FA9F928182A62AB00CB7139 /* SystemConfiguration.framework in Frameworks */ = {isa = PBXBuildFile; fileRef = 4FA9F927182A62AB00CB7139 /* SystemConfiguration.framework */; };
		EC2DA0B21809440A0000EE60 /* libsqlite3.dylib in Frameworks */ = {isa = PBXBuildFile; fileRef = EC2DA0B11809440A0000EE60 /* libsqlite3.dylib */; };
		ECDA984018114186006D9885 /* Content in Resources */ = {isa = PBXBuildFile; fileRef = ECDA983F18114186006D9885 /* Content */; };
/* End PBXBuildFile section */

/* Begin PBXFileReference section */
		1839BADA1824D7C200EEEB03 /* Callback.h */ = {isa = PBXFileReference; fileEncoding = 4; lastKnownFileType = sourcecode.c.h; path = Callback.h; sourceTree = "<group>"; };
		1839BADB1824D7C200EEEB03 /* DatabaseManager.h */ = {isa = PBXFileReference; fileEncoding = 4; lastKnownFileType = sourcecode.c.h; path = DatabaseManager.h; sourceTree = "<group>"; };
		1839BADC1824D7C200EEEB03 /* DBTableConstants.h */ = {isa = PBXFileReference; fileEncoding = 4; lastKnownFileType = sourcecode.c.h; path = DBTableConstants.h; sourceTree = "<group>"; };
		1839BADD1824D7C200EEEB03 /* FileHelper.h */ = {isa = PBXFileReference; fileEncoding = 4; lastKnownFileType = sourcecode.c.h; path = FileHelper.h; sourceTree = "<group>"; };
		1839BADE1824D7C200EEEB03 /* FileManager.h */ = {isa = PBXFileReference; fileEncoding = 4; lastKnownFileType = sourcecode.c.h; path = FileManager.h; sourceTree = "<group>"; };
		1839BADF1824D7C200EEEB03 /* Logger.h */ = {isa = PBXFileReference; fileEncoding = 4; lastKnownFileType = sourcecode.c.h; path = Logger.h; sourceTree = "<group>"; };
		1839BAE01824D7C200EEEB03 /* macros.h */ = {isa = PBXFileReference; fileEncoding = 4; lastKnownFileType = sourcecode.c.h; path = macros.h; sourceTree = "<group>"; };
		1839BAE21824D7C200EEEB03 /* WalaberMath.h */ = {isa = PBXFileReference; fileEncoding = 4; lastKnownFileType = sourcecode.c.h; path = WalaberMath.h; sourceTree = "<group>"; };
		1839BAE31824D7C200EEEB03 /* MemberCallback.h */ = {isa = PBXFileReference; fileEncoding = 4; lastKnownFileType = sourcecode.c.h; path = MemberCallback.h; sourceTree = "<group>"; };
		1839BAE41824D7C200EEEB03 /* PlatformManager.h */ = {isa = PBXFileReference; fileEncoding = 4; lastKnownFileType = sourcecode.c.h; path = PlatformManager.h; sourceTree = "<group>"; };
		1839BAE51824D7C200EEEB03 /* Property.h */ = {isa = PBXFileReference; fileEncoding = 4; lastKnownFileType = sourcecode.c.h; path = Property.h; sourceTree = "<group>"; };
		1839BAE61824D7C200EEEB03 /* PropertyList.h */ = {isa = PBXFileReference; fileEncoding = 4; lastKnownFileType = sourcecode.c.h; path = PropertyList.h; sourceTree = "<group>"; };
		1839BAE71824D7C200EEEB03 /* ResultCodes.h */ = {isa = PBXFileReference; fileEncoding = 4; lastKnownFileType = sourcecode.c.h; path = ResultCodes.h; sourceTree = "<group>"; };
		1839BAE81824D7C200EEEB03 /* SharedPtr.h */ = {isa = PBXFileReference; fileEncoding = 4; lastKnownFileType = sourcecode.c.h; path = SharedPtr.h; sourceTree = "<group>"; };
		1839BAEB1824D7C200EEEB03 /* StringHelper.h */ = {isa = PBXFileReference; fileEncoding = 4; lastKnownFileType = sourcecode.c.h; path = StringHelper.h; sourceTree = "<group>"; };
		1839BAEC1824D7C200EEEB03 /* TextManager.h */ = {isa = PBXFileReference; fileEncoding = 4; lastKnownFileType = sourcecode.c.h; path = TextManager.h; sourceTree = "<group>"; };
		1839BAED1824D7C200EEEB03 /* UTF8Helper.h */ = {isa = PBXFileReference; fileEncoding = 4; lastKnownFileType = sourcecode.c.h; path = UTF8Helper.h; sourceTree = "<group>"; };
		1839BAEE1824D7C200EEEB03 /* XML.h */ = {isa = PBXFileReference; fileEncoding = 4; lastKnownFileType = sourcecode.c.h; path = XML.h; sourceTree = "<group>"; };
		1839BAEF1824D7C200EEEB03 /* XMLHelper.h */ = {isa = PBXFileReference; fileEncoding = 4; lastKnownFileType = sourcecode.c.h; path = XMLHelper.h; sourceTree = "<group>"; };
		1839BAF11824D7D400EEEB03 /* Callback.cpp */ = {isa = PBXFileReference; fileEncoding = 4; lastKnownFileType = sourcecode.cpp.cpp; path = Callback.cpp; sourceTree = "<group>"; };
		1839BAF21824D7D400EEEB03 /* DatabaseManager.cpp */ = {isa = PBXFileReference; fileEncoding = 4; lastKnownFileType = sourcecode.cpp.cpp; path = DatabaseManager.cpp; sourceTree = "<group>"; };
		1839BAF31824D7D400EEEB03 /* FileHelper.cpp */ = {isa = PBXFileReference; fileEncoding = 4; lastKnownFileType = sourcecode.cpp.cpp; path = FileHelper.cpp; sourceTree = "<group>"; };
		1839BAF41824D7D400EEEB03 /* FileManager.cpp */ = {isa = PBXFileReference; fileEncoding = 4; lastKnownFileType = sourcecode.cpp.cpp; path = FileManager.cpp; sourceTree = "<group>"; };
		1839BAF51824D7D400EEEB03 /* Logger.cpp */ = {isa = PBXFileReference; fileEncoding = 4; lastKnownFileType = sourcecode.cpp.cpp; path = Logger.cpp; sourceTree = "<group>"; };
		1839BAF61824D7D400EEEB03 /* MemberCallback.cpp */ = {isa = PBXFileReference; fileEncoding = 4; lastKnownFileType = sourcecode.cpp.cpp; path = MemberCallback.cpp; sourceTree = "<group>"; };
		1839BAF71824D7D400EEEB03 /* PlatformManager.cpp */ = {isa = PBXFileReference; fileEncoding = 4; lastKnownFileType = sourcecode.cpp.cpp; path = PlatformManager.cpp; sourceTree = "<group>"; };
		1839BAF81824D7D400EEEB03 /* Property.cpp */ = {isa = PBXFileReference; fileEncoding = 4; lastKnownFileType = sourcecode.cpp.cpp; path = Property.cpp; sourceTree = "<group>"; };
		1839BAF91824D7D400EEEB03 /* PropertyList.cpp */ = {isa = PBXFileReference; fileEncoding = 4; lastKnownFileType = sourcecode.cpp.cpp; path = PropertyList.cpp; sourceTree = "<group>"; };
		1839BAFA1824D7D400EEEB03 /* SharedPtr.cpp */ = {isa = PBXFileReference; fileEncoding = 4; lastKnownFileType = sourcecode.cpp.cpp; path = SharedPtr.cpp; sourceTree = "<group>"; };
		1839BAFD1824D7D400EEEB03 /* StringHelper.cpp */ = {isa = PBXFileReference; fileEncoding = 4; lastKnownFileType = sourcecode.cpp.cpp; path = StringHelper.cpp; sourceTree = "<group>"; };
		1839BAFE1824D7D400EEEB03 /* TextManager.cpp */ = {isa = PBXFileReference; fileEncoding = 4; lastKnownFileType = sourcecode.cpp.cpp; path = TextManager.cpp; sourceTree = "<group>"; };
		1839BAFF1824D7D400EEEB03 /* UTF8Helper.cpp */ = {isa = PBXFileReference; fileEncoding = 4; lastKnownFileType = sourcecode.cpp.cpp; path = UTF8Helper.cpp; sourceTree = "<group>"; };
		1839BB001824D7D400EEEB03 /* XML.cpp */ = {isa = PBXFileReference; fileEncoding = 4; lastKnownFileType = sourcecode.cpp.cpp; path = XML.cpp; sourceTree = "<group>"; };
		1839BB101824D80A00EEEB03 /* libxml2.dylib */ = {isa = PBXFileReference; lastKnownFileType = "compiled.mach-o.dylib"; name = libxml2.dylib; path = usr/lib/libxml2.dylib; sourceTree = SDKROOT; };
		4F00A69B18026477003B057C /* AnimationDelegate.h */ = {isa = PBXFileReference; fileEncoding = 4; lastKnownFileType = sourcecode.c.h; path = AnimationDelegate.h; sourceTree = "<group>"; };
		4F00A69C18026477003B057C /* AnimationDelegate.m */ = {isa = PBXFileReference; fileEncoding = 4; lastKnownFileType = sourcecode.c.objc; path = AnimationDelegate.m; sourceTree = "<group>"; };
		4F00A69D18026477003B057C /* AnimationFrame.h */ = {isa = PBXFileReference; fileEncoding = 4; lastKnownFileType = sourcecode.c.h; path = AnimationFrame.h; sourceTree = "<group>"; };
		4F00A69E18026477003B057C /* AnimationFrame.m */ = {isa = PBXFileReference; fileEncoding = 4; lastKnownFileType = sourcecode.c.objc; path = AnimationFrame.m; sourceTree = "<group>"; };
		4F00A69F18026477003B057C /* FlipView.h */ = {isa = PBXFileReference; fileEncoding = 4; lastKnownFileType = sourcecode.c.h; path = FlipView.h; sourceTree = "<group>"; };
		4F00A6A018026477003B057C /* FlipView.m */ = {isa = PBXFileReference; fileEncoding = 4; lastKnownFileType = sourcecode.c.objc; path = FlipView.m; sourceTree = "<group>"; };
		4F00A6A118026477003B057C /* GenericAnimationView.h */ = {isa = PBXFileReference; fileEncoding = 4; lastKnownFileType = sourcecode.c.h; path = GenericAnimationView.h; sourceTree = "<group>"; };
		4F00A6A218026477003B057C /* GenericAnimationView.m */ = {isa = PBXFileReference; fileEncoding = 4; lastKnownFileType = sourcecode.c.objc; path = GenericAnimationView.m; sourceTree = "<group>"; };
		4F00A6A318026477003B057C /* UIView+Image.h */ = {isa = PBXFileReference; fileEncoding = 4; lastKnownFileType = sourcecode.c.h; path = "UIView+Image.h"; sourceTree = "<group>"; };
		4F00A6A418026477003B057C /* UIView+Image.m */ = {isa = PBXFileReference; fileEncoding = 4; lastKnownFileType = sourcecode.c.objc; path = "UIView+Image.m"; sourceTree = "<group>"; };
		4F00A6A618026477003B057C /* AccelerationAnimation.h */ = {isa = PBXFileReference; fileEncoding = 4; lastKnownFileType = sourcecode.c.h; path = AccelerationAnimation.h; sourceTree = "<group>"; };
		4F00A6A718026477003B057C /* AccelerationAnimation.m */ = {isa = PBXFileReference; fileEncoding = 4; lastKnownFileType = sourcecode.c.objc; path = AccelerationAnimation.m; sourceTree = "<group>"; };
		4F00A6A818026477003B057C /* Evaluate.h */ = {isa = PBXFileReference; fileEncoding = 4; lastKnownFileType = sourcecode.c.h; path = Evaluate.h; sourceTree = "<group>"; };
		4F00A6A918026477003B057C /* Evaluate.m */ = {isa = PBXFileReference; fileEncoding = 4; lastKnownFileType = sourcecode.c.objc; path = Evaluate.m; sourceTree = "<group>"; };
		4F00A6AA18026477003B057C /* REBackgroundView.h */ = {isa = PBXFileReference; fileEncoding = 4; lastKnownFileType = sourcecode.c.h; path = REBackgroundView.h; sourceTree = "<group>"; };
		4F00A6AB18026477003B057C /* REBackgroundView.m */ = {isa = PBXFileReference; fileEncoding = 4; lastKnownFileType = sourcecode.c.objc; path = REBackgroundView.m; sourceTree = "<group>"; };
		4F00A6AC18026477003B057C /* RESideMenu.h */ = {isa = PBXFileReference; fileEncoding = 4; lastKnownFileType = sourcecode.c.h; path = RESideMenu.h; sourceTree = "<group>"; };
		4F00A6AD18026477003B057C /* RESideMenu.m */ = {isa = PBXFileReference; fileEncoding = 4; lastKnownFileType = sourcecode.c.objc; path = RESideMenu.m; sourceTree = "<group>"; };
		4F00A6AE18026477003B057C /* RESideMenuCell.h */ = {isa = PBXFileReference; fileEncoding = 4; lastKnownFileType = sourcecode.c.h; path = RESideMenuCell.h; sourceTree = "<group>"; };
		4F00A6AF18026477003B057C /* RESideMenuCell.m */ = {isa = PBXFileReference; fileEncoding = 4; lastKnownFileType = sourcecode.c.objc; path = RESideMenuCell.m; sourceTree = "<group>"; };
		4F00A6B018026477003B057C /* RESideMenuItem.h */ = {isa = PBXFileReference; fileEncoding = 4; lastKnownFileType = sourcecode.c.h; path = RESideMenuItem.h; sourceTree = "<group>"; };
		4F00A6B118026477003B057C /* RESideMenuItem.m */ = {isa = PBXFileReference; fileEncoding = 4; lastKnownFileType = sourcecode.c.objc; path = RESideMenuItem.m; sourceTree = "<group>"; };
		4F00A6B218026477003B057C /* UINavigationController+DelegateFixes.h */ = {isa = PBXFileReference; fileEncoding = 4; lastKnownFileType = sourcecode.c.h; path = "UINavigationController+DelegateFixes.h"; sourceTree = "<group>"; };
		4F00A6B318026477003B057C /* UINavigationController+DelegateFixes.m */ = {isa = PBXFileReference; fileEncoding = 4; lastKnownFileType = sourcecode.c.objc; path = "UINavigationController+DelegateFixes.m"; sourceTree = "<group>"; };
		4F00A6B418026477003B057C /* UIView+ImageSnapshot.h */ = {isa = PBXFileReference; fileEncoding = 4; lastKnownFileType = sourcecode.c.h; path = "UIView+ImageSnapshot.h"; sourceTree = "<group>"; };
		4F00A6B518026477003B057C /* UIView+ImageSnapshot.m */ = {isa = PBXFileReference; fileEncoding = 4; lastKnownFileType = sourcecode.c.objc; path = "UIView+ImageSnapshot.m"; sourceTree = "<group>"; };
		4F00A6B618026477003B057C /* UIViewController+RESideMenu.h */ = {isa = PBXFileReference; fileEncoding = 4; lastKnownFileType = sourcecode.c.h; path = "UIViewController+RESideMenu.h"; sourceTree = "<group>"; };
		4F00A6B718026477003B057C /* UIViewController+RESideMenu.m */ = {isa = PBXFileReference; fileEncoding = 4; lastKnownFileType = sourcecode.c.objc; path = "UIViewController+RESideMenu.m"; sourceTree = "<group>"; };
		4F00A6C61802649E003B057C /* QuartzCore.framework */ = {isa = PBXFileReference; lastKnownFileType = wrapper.framework; name = QuartzCore.framework; path = System/Library/Frameworks/QuartzCore.framework; sourceTree = SDKROOT; };
		4F029ADF1826B0C900EE6183 /* UIImageView+TalkingScene.h */ = {isa = PBXFileReference; fileEncoding = 4; lastKnownFileType = sourcecode.c.h; path = "UIImageView+TalkingScene.h"; sourceTree = "<group>"; };
		4F029AE01826B0C900EE6183 /* UIImageView+TalkingScene.m */ = {isa = PBXFileReference; fileEncoding = 4; lastKnownFileType = sourcecode.c.objc; path = "UIImageView+TalkingScene.m"; sourceTree = "<group>"; };
		4F029AE31826B32E00EE6183 /* AFHTTPClient.h */ = {isa = PBXFileReference; fileEncoding = 4; lastKnownFileType = sourcecode.c.h; path = AFHTTPClient.h; sourceTree = "<group>"; };
		4F029AE41826B32E00EE6183 /* AFHTTPClient.m */ = {isa = PBXFileReference; fileEncoding = 4; lastKnownFileType = sourcecode.c.objc; path = AFHTTPClient.m; sourceTree = "<group>"; };
		4F029AE51826B32E00EE6183 /* AFHTTPRequestOperation.h */ = {isa = PBXFileReference; fileEncoding = 4; lastKnownFileType = sourcecode.c.h; path = AFHTTPRequestOperation.h; sourceTree = "<group>"; };
		4F029AE61826B32E00EE6183 /* AFHTTPRequestOperation.m */ = {isa = PBXFileReference; fileEncoding = 4; lastKnownFileType = sourcecode.c.objc; path = AFHTTPRequestOperation.m; sourceTree = "<group>"; };
		4F029AE71826B32E00EE6183 /* AFImageRequestOperation.h */ = {isa = PBXFileReference; fileEncoding = 4; lastKnownFileType = sourcecode.c.h; path = AFImageRequestOperation.h; sourceTree = "<group>"; };
		4F029AE81826B32E00EE6183 /* AFImageRequestOperation.m */ = {isa = PBXFileReference; fileEncoding = 4; lastKnownFileType = sourcecode.c.objc; path = AFImageRequestOperation.m; sourceTree = "<group>"; };
		4F029AE91826B32E00EE6183 /* AFJSONRequestOperation.h */ = {isa = PBXFileReference; fileEncoding = 4; lastKnownFileType = sourcecode.c.h; path = AFJSONRequestOperation.h; sourceTree = "<group>"; };
		4F029AEA1826B32E00EE6183 /* AFJSONRequestOperation.m */ = {isa = PBXFileReference; fileEncoding = 4; lastKnownFileType = sourcecode.c.objc; path = AFJSONRequestOperation.m; sourceTree = "<group>"; };
		4F029AEB1826B32E00EE6183 /* AFNetworkActivityIndicatorManager.h */ = {isa = PBXFileReference; fileEncoding = 4; lastKnownFileType = sourcecode.c.h; path = AFNetworkActivityIndicatorManager.h; sourceTree = "<group>"; };
		4F029AEC1826B32E00EE6183 /* AFNetworkActivityIndicatorManager.m */ = {isa = PBXFileReference; fileEncoding = 4; lastKnownFileType = sourcecode.c.objc; path = AFNetworkActivityIndicatorManager.m; sourceTree = "<group>"; };
		4F029AED1826B32E00EE6183 /* AFNetworking.h */ = {isa = PBXFileReference; fileEncoding = 4; lastKnownFileType = sourcecode.c.h; path = AFNetworking.h; sourceTree = "<group>"; };
		4F029AEE1826B32E00EE6183 /* AFPropertyListRequestOperation.h */ = {isa = PBXFileReference; fileEncoding = 4; lastKnownFileType = sourcecode.c.h; path = AFPropertyListRequestOperation.h; sourceTree = "<group>"; };
		4F029AEF1826B32E00EE6183 /* AFPropertyListRequestOperation.m */ = {isa = PBXFileReference; fileEncoding = 4; lastKnownFileType = sourcecode.c.objc; path = AFPropertyListRequestOperation.m; sourceTree = "<group>"; };
		4F029AF01826B32E00EE6183 /* AFURLConnectionOperation.h */ = {isa = PBXFileReference; fileEncoding = 4; lastKnownFileType = sourcecode.c.h; path = AFURLConnectionOperation.h; sourceTree = "<group>"; };
		4F029AF11826B32E00EE6183 /* AFURLConnectionOperation.m */ = {isa = PBXFileReference; fileEncoding = 4; lastKnownFileType = sourcecode.c.objc; path = AFURLConnectionOperation.m; sourceTree = "<group>"; };
		4F029AF21826B32E00EE6183 /* AFXMLRequestOperation.h */ = {isa = PBXFileReference; fileEncoding = 4; lastKnownFileType = sourcecode.c.h; path = AFXMLRequestOperation.h; sourceTree = "<group>"; };
		4F029AF31826B32E00EE6183 /* AFXMLRequestOperation.m */ = {isa = PBXFileReference; fileEncoding = 4; lastKnownFileType = sourcecode.c.objc; path = AFXMLRequestOperation.m; sourceTree = "<group>"; };
		4F029AF41826B32E00EE6183 /* UIImageView+AFNetworking.h */ = {isa = PBXFileReference; fileEncoding = 4; lastKnownFileType = sourcecode.c.h; path = "UIImageView+AFNetworking.h"; sourceTree = "<group>"; };
		4F029AF51826B32E00EE6183 /* UIImageView+AFNetworking.m */ = {isa = PBXFileReference; fileEncoding = 4; lastKnownFileType = sourcecode.c.objc; path = "UIImageView+AFNetworking.m"; sourceTree = "<group>"; };
		4F029AFF1826B3AD00EE6183 /* Security.framework */ = {isa = PBXFileReference; lastKnownFileType = wrapper.framework; name = Security.framework; path = System/Library/Frameworks/Security.framework; sourceTree = SDKROOT; };
		4F476EF31D9FE81200610FB2 /* TalkingScene.app */ = {isa = PBXFileReference; explicitFileType = wrapper.application; includeInIndex = 0; path = TalkingScene.app; sourceTree = BUILT_PRODUCTS_DIR; };
		4F476EF61D9FE81200610FB2 /* UIKit.framework */ = {isa = PBXFileReference; lastKnownFileType = wrapper.framework; name = UIKit.framework; path = System/Library/Frameworks/UIKit.framework; sourceTree = SDKROOT; };
		4F476EF81D9FE81200610FB2 /* Foundation.framework */ = {isa = PBXFileReference; lastKnownFileType = wrapper.framework; name = Foundation.framework; path = System/Library/Frameworks/Foundation.framework; sourceTree = SDKROOT; };
		4F476EFA1D9FE81200610FB2 /* CoreGraphics.framework */ = {isa = PBXFileReference; lastKnownFileType = wrapper.framework; name = CoreGraphics.framework; path = System/Library/Frameworks/CoreGraphics.framework; sourceTree = SDKROOT; };
		4F476EFE1D9FE81200610FB2 /* TalkingScene-Info.plist */ = {isa = PBXFileReference; lastKnownFileType = text.plist.xml; path = "TalkingScene-Info.plist"; sourceTree = "<group>"; };
		4F476F001D9FE81200610FB2 /* en */ = {isa = PBXFileReference; lastKnownFileType = text.plist.strings; name = en; path = en.lproj/InfoPlist.strings; sourceTree = "<group>"; };
		4F476F021D9FE81200610FB2 /* main.m */ = {isa = PBXFileReference; lastKnownFileType = sourcecode.c.objc; path = main.m; sourceTree = "<group>"; };
		4F476F041D9FE81200610FB2 /* TalkingScene-Prefix.pch */ = {isa = PBXFileReference; lastKnownFileType = sourcecode.c.h; path = "TalkingScene-Prefix.pch"; sourceTree = "<group>"; };
		4F476F051D9FE81200610FB2 /* AppDelegate.h */ = {isa = PBXFileReference; lastKnownFileType = sourcecode.c.h; path = AppDelegate.h; sourceTree = "<group>"; };
		4F476F061D9FE81200610FB2 /* AppDelegate.m */ = {isa = PBXFileReference; lastKnownFileType = sourcecode.c.objc; path = AppDelegate.m; sourceTree = "<group>"; };
		4F476F081D9FE81200610FB2 /* Default.png */ = {isa = PBXFileReference; lastKnownFileType = image.png; path = Default.png; sourceTree = "<group>"; };
		4F476F0A1D9FE81200610FB2 /* Default@2x.png */ = {isa = PBXFileReference; lastKnownFileType = image.png; path = "Default@2x.png"; sourceTree = "<group>"; };
		4F476F0C1D9FE81200610FB2 /* Default-568h@2x.png */ = {isa = PBXFileReference; lastKnownFileType = image.png; path = "Default-568h@2x.png"; sourceTree = "<group>"; };
		4F476F0E1D9FE81200610FB2 /* ViewController.h */ = {isa = PBXFileReference; lastKnownFileType = sourcecode.c.h; path = ViewController.h; sourceTree = "<group>"; };
		4F476F0F1D9FE81200610FB2 /* ViewController.mm */ = {isa = PBXFileReference; lastKnownFileType = sourcecode.cpp.objcpp; path = ViewController.mm; sourceTree = "<group>"; };
		4F476F121D9FE81200610FB2 /* en */ = {isa = PBXFileReference; lastKnownFileType = file.xib; name = en; path = en.lproj/ViewController.xib; sourceTree = "<group>"; };
		4F4D8F691823BFC300D611C8 /* MKAnnotationView+WebCache.h */ = {isa = PBXFileReference; fileEncoding = 4; lastKnownFileType = sourcecode.c.h; path = "MKAnnotationView+WebCache.h"; sourceTree = "<group>"; };
		4F4D8F6A1823BFC300D611C8 /* MKAnnotationView+WebCache.m */ = {isa = PBXFileReference; fileEncoding = 4; lastKnownFileType = sourcecode.c.objc; path = "MKAnnotationView+WebCache.m"; sourceTree = "<group>"; };
		4F4D8F6B1823BFC300D611C8 /* SDImageCache.h */ = {isa = PBXFileReference; fileEncoding = 4; lastKnownFileType = sourcecode.c.h; path = SDImageCache.h; sourceTree = "<group>"; };
		4F4D8F6C1823BFC300D611C8 /* SDImageCache.m */ = {isa = PBXFileReference; fileEncoding = 4; lastKnownFileType = sourcecode.c.objc; path = SDImageCache.m; sourceTree = "<group>"; };
		4F4D8F6D1823BFC300D611C8 /* SDImageCacheDelegate.h */ = {isa = PBXFileReference; fileEncoding = 4; lastKnownFileType = sourcecode.c.h; path = SDImageCacheDelegate.h; sourceTree = "<group>"; };
		4F4D8F6E1823BFC300D611C8 /* SDWebImageCompat.h */ = {isa = PBXFileReference; fileEncoding = 4; lastKnownFileType = sourcecode.c.h; path = SDWebImageCompat.h; sourceTree = "<group>"; };
		4F4D8F6F1823BFC300D611C8 /* SDWebImageDecoder.h */ = {isa = PBXFileReference; fileEncoding = 4; lastKnownFileType = sourcecode.c.h; path = SDWebImageDecoder.h; sourceTree = "<group>"; };
		4F4D8F701823BFC300D611C8 /* SDWebImageDecoder.m */ = {isa = PBXFileReference; fileEncoding = 4; lastKnownFileType = sourcecode.c.objc; path = SDWebImageDecoder.m; sourceTree = "<group>"; };
		4F4D8F711823BFC300D611C8 /* SDWebImageDownloader.h */ = {isa = PBXFileReference; fileEncoding = 4; lastKnownFileType = sourcecode.c.h; path = SDWebImageDownloader.h; sourceTree = "<group>"; };
		4F4D8F721823BFC300D611C8 /* SDWebImageDownloader.m */ = {isa = PBXFileReference; fileEncoding = 4; lastKnownFileType = sourcecode.c.objc; path = SDWebImageDownloader.m; sourceTree = "<group>"; };
		4F4D8F731823BFC300D611C8 /* SDWebImageDownloaderDelegate.h */ = {isa = PBXFileReference; fileEncoding = 4; lastKnownFileType = sourcecode.c.h; path = SDWebImageDownloaderDelegate.h; sourceTree = "<group>"; };
		4F4D8F741823BFC300D611C8 /* SDWebImageManager.h */ = {isa = PBXFileReference; fileEncoding = 4; lastKnownFileType = sourcecode.c.h; path = SDWebImageManager.h; sourceTree = "<group>"; };
		4F4D8F751823BFC300D611C8 /* SDWebImageManager.m */ = {isa = PBXFileReference; fileEncoding = 4; lastKnownFileType = sourcecode.c.objc; path = SDWebImageManager.m; sourceTree = "<group>"; };
		4F4D8F761823BFC300D611C8 /* SDWebImageManagerDelegate.h */ = {isa = PBXFileReference; fileEncoding = 4; lastKnownFileType = sourcecode.c.h; path = SDWebImageManagerDelegate.h; sourceTree = "<group>"; };
		4F4D8F771823BFC300D611C8 /* SDWebImagePrefetcher.h */ = {isa = PBXFileReference; fileEncoding = 4; lastKnownFileType = sourcecode.c.h; path = SDWebImagePrefetcher.h; sourceTree = "<group>"; };
		4F4D8F781823BFC300D611C8 /* SDWebImagePrefetcher.m */ = {isa = PBXFileReference; fileEncoding = 4; lastKnownFileType = sourcecode.c.objc; path = SDWebImagePrefetcher.m; sourceTree = "<group>"; };
		4F4D8F791823BFC300D611C8 /* UIButton+WebCache.h */ = {isa = PBXFileReference; fileEncoding = 4; lastKnownFileType = sourcecode.c.h; path = "UIButton+WebCache.h"; sourceTree = "<group>"; };
		4F4D8F7A1823BFC300D611C8 /* UIButton+WebCache.m */ = {isa = PBXFileReference; fileEncoding = 4; lastKnownFileType = sourcecode.c.objc; path = "UIButton+WebCache.m"; sourceTree = "<group>"; };
		4F4D8F7B1823BFC300D611C8 /* UIImageView+WebCache.h */ = {isa = PBXFileReference; fileEncoding = 4; lastKnownFileType = sourcecode.c.h; path = "UIImageView+WebCache.h"; sourceTree = "<group>"; };
		4F4D8F7C1823BFC300D611C8 /* UIImageView+WebCache.m */ = {isa = PBXFileReference; fileEncoding = 4; lastKnownFileType = sourcecode.c.objc; path = "UIImageView+WebCache.m"; sourceTree = "<group>"; };
		4F4D8F861823C0E800D611C8 /* ImageIO.framework */ = {isa = PBXFileReference; lastKnownFileType = wrapper.framework; name = ImageIO.framework; path = System/Library/Frameworks/ImageIO.framework; sourceTree = SDKROOT; };
		4F4D8F881823C0F000D611C8 /* MapKit.framework */ = {isa = PBXFileReference; lastKnownFileType = wrapper.framework; name = MapKit.framework; path = System/Library/Frameworks/MapKit.framework; sourceTree = SDKROOT; };
		4F4D8F8A1823C20F00D611C8 /* TSDialogView.m */ = {isa = PBXFileReference; fileEncoding = 4; lastKnownFileType = sourcecode.c.objc; path = TSDialogView.m; sourceTree = "<group>"; };
		4F4D8F8B1823C20F00D611C8 /* TSDialogView.h */ = {isa = PBXFileReference; fileEncoding = 4; lastKnownFileType = sourcecode.c.h; path = TSDialogView.h; sourceTree = "<group>"; };
		4F4D8F8E1823C2AF00D611C8 /* Cang.jpg */ = {isa = PBXFileReference; lastKnownFileType = image.jpeg; path = Cang.jpg; sourceTree = "<group>"; };
		4F4D8F8F1823C2AF00D611C8 /* Tang.JPG */ = {isa = PBXFileReference; lastKnownFileType = image.jpeg; path = Tang.JPG; sourceTree = "<group>"; };
		4F4D8F911823C2AF00D611C8 /* TS_Login_BKG.png */ = {isa = PBXFileReference; lastKnownFileType = image.png; path = TS_Login_BKG.png; sourceTree = "<group>"; };
		4F4D8F931823C2AF00D611C8 /* TS_Cus_DialogLeft_BKG.png */ = {isa = PBXFileReference; lastKnownFileType = image.png; path = TS_Cus_DialogLeft_BKG.png; sourceTree = "<group>"; };
		4F4D8F941823C2AF00D611C8 /* TS_Cus_DialogLeftBig_BKG.png */ = {isa = PBXFileReference; lastKnownFileType = image.png; path = TS_Cus_DialogLeftBig_BKG.png; sourceTree = "<group>"; };
		4F4D8F951823C2AF00D611C8 /* TS_Cus_DialogPortrait_BKG.png */ = {isa = PBXFileReference; lastKnownFileType = image.png; path = TS_Cus_DialogPortrait_BKG.png; sourceTree = "<group>"; };
		4F4D8F961823C2AF00D611C8 /* TS_Cus_DialogRight_BKG.png */ = {isa = PBXFileReference; lastKnownFileType = image.png; path = TS_Cus_DialogRight_BKG.png; sourceTree = "<group>"; };
		4F4D8F971823C2AF00D611C8 /* TS_Cus_DialogRightBig_BKG.png */ = {isa = PBXFileReference; lastKnownFileType = image.png; path = TS_Cus_DialogRightBig_BKG.png; sourceTree = "<group>"; };
		4F57A67318039CA000A581D8 /* TSSceneSelectViewController.h */ = {isa = PBXFileReference; fileEncoding = 4; lastKnownFileType = sourcecode.c.h; path = TSSceneSelectViewController.h; sourceTree = "<group>"; };
		4F57A67418039CA000A581D8 /* TSSceneSelectViewController.mm */ = {isa = PBXFileReference; fileEncoding = 4; lastKnownFileType = sourcecode.cpp.objcpp; path = TSSceneSelectViewController.mm; sourceTree = "<group>"; };
		4F57A67518039CA000A581D8 /* TSSceneSelectViewController.xib */ = {isa = PBXFileReference; fileEncoding = 4; lastKnownFileType = file.xib; path = TSSceneSelectViewController.xib; sourceTree = "<group>"; };
		4F57A67718039CA000A581D8 /* TSStorySelectViewController.h */ = {isa = PBXFileReference; fileEncoding = 4; lastKnownFileType = sourcecode.c.h; path = TSStorySelectViewController.h; sourceTree = "<group>"; };
		4F57A67818039CA000A581D8 /* TSStorySelectViewController.mm */ = {isa = PBXFileReference; fileEncoding = 4; lastKnownFileType = sourcecode.cpp.objcpp; path = TSStorySelectViewController.mm; sourceTree = "<group>"; };
		4F57A67918039CA000A581D8 /* TSStorySelectViewController.xib */ = {isa = PBXFileReference; fileEncoding = 4; lastKnownFileType = file.xib; path = TSStorySelectViewController.xib; sourceTree = "<group>"; };
		4F57A67B18039CA000A581D8 /* TSLoginViewController.h */ = {isa = PBXFileReference; fileEncoding = 4; lastKnownFileType = sourcecode.c.h; path = TSLoginViewController.h; sourceTree = "<group>"; };
		4F57A67C18039CA000A581D8 /* TSLoginViewController.m */ = {isa = PBXFileReference; fileEncoding = 4; lastKnownFileType = sourcecode.c.objc; path = TSLoginViewController.m; sourceTree = "<group>"; };
		4F57A67D18039CA000A581D8 /* TSLoginViewController.xib */ = {isa = PBXFileReference; fileEncoding = 4; lastKnownFileType = file.xib; path = TSLoginViewController.xib; sourceTree = "<group>"; };
		4F57A67F18039CA000A581D8 /* TSBaseViewController.h */ = {isa = PBXFileReference; fileEncoding = 4; lastKnownFileType = sourcecode.c.h; path = TSBaseViewController.h; sourceTree = "<group>"; };
		4F57A68018039CA000A581D8 /* TSBaseViewController.m */ = {isa = PBXFileReference; fileEncoding = 4; lastKnownFileType = sourcecode.c.objc; path = TSBaseViewController.m; sourceTree = "<group>"; };
		4F57A68118039CA000A581D8 /* TSBaseViewController.xib */ = {isa = PBXFileReference; fileEncoding = 4; lastKnownFileType = file.xib; path = TSBaseViewController.xib; sourceTree = "<group>"; };
		4F57A68318039CA000A581D8 /* TSRoleSelectViewController.h */ = {isa = PBXFileReference; fileEncoding = 4; lastKnownFileType = sourcecode.c.h; path = TSRoleSelectViewController.h; sourceTree = "<group>"; };
		4F57A68418039CA000A581D8 /* TSRoleSelectViewController.m */ = {isa = PBXFileReference; fileEncoding = 4; lastKnownFileType = sourcecode.c.objc; path = TSRoleSelectViewController.m; sourceTree = "<group>"; };
		4F57A68518039CA000A581D8 /* TSRoleSelectViewController.xib */ = {isa = PBXFileReference; fileEncoding = 4; lastKnownFileType = file.xib; path = TSRoleSelectViewController.xib; sourceTree = "<group>"; };
		4F57A6941803AB3000A581D8 /* TSGlobalMacros.h */ = {isa = PBXFileReference; fileEncoding = 4; lastKnownFileType = sourcecode.c.h; path = TSGlobalMacros.h; sourceTree = "<group>"; };
		4F5BB4E417FB0A070010B422 /* AVFoundation.framework */ = {isa = PBXFileReference; lastKnownFileType = wrapper.framework; name = AVFoundation.framework; path = System/Library/Frameworks/AVFoundation.framework; sourceTree = SDKROOT; };
		4F7C03441816DFE900B91B9A /* RCLabel.h */ = {isa = PBXFileReference; fileEncoding = 4; lastKnownFileType = sourcecode.c.h; path = RCLabel.h; sourceTree = "<group>"; };
		4F7C03451816DFE900B91B9A /* RCLabel.m */ = {isa = PBXFileReference; fileEncoding = 4; lastKnownFileType = sourcecode.c.objc; path = RCLabel.m; sourceTree = "<group>"; };
		4F7C03461816DFE900B91B9A /* RTLabel.h */ = {isa = PBXFileReference; fileEncoding = 4; lastKnownFileType = sourcecode.c.h; path = RTLabel.h; sourceTree = "<group>"; };
		4F7C03471816DFE900B91B9A /* RTLabel.m */ = {isa = PBXFileReference; fileEncoding = 4; lastKnownFileType = sourcecode.c.objc; path = RTLabel.m; sourceTree = "<group>"; };
		4F7C034A1816E04800B91B9A /* CoreText.framework */ = {isa = PBXFileReference; lastKnownFileType = wrapper.framework; name = CoreText.framework; path = System/Library/Frameworks/CoreText.framework; sourceTree = SDKROOT; };
		4F864498180F8ED50003D008 /* FlipBoardNavigationController.h */ = {isa = PBXFileReference; fileEncoding = 4; lastKnownFileType = sourcecode.c.h; path = FlipBoardNavigationController.h; sourceTree = "<group>"; };
		4F864499180F8ED50003D008 /* FlipBoardNavigationController.m */ = {isa = PBXFileReference; fileEncoding = 4; lastKnownFileType = sourcecode.c.objc; path = FlipBoardNavigationController.m; sourceTree = "<group>"; };
		4F86449D180FB3F70003D008 /* TS_Com_NavBarItem_BKG.png */ = {isa = PBXFileReference; lastKnownFileType = image.png; path = TS_Com_NavBarItem_BKG.png; sourceTree = "<group>"; };
		4F86449E180FB3F70003D008 /* TS_Com_NavBarItem_BKG@2x.png */ = {isa = PBXFileReference; lastKnownFileType = image.png; path = "TS_Com_NavBarItem_BKG@2x.png"; sourceTree = "<group>"; };
		4F8644A0180FB3F70003D008 /* TS_Com_NavBar_BKG.png */ = {isa = PBXFileReference; lastKnownFileType = image.png; path = TS_Com_NavBar_BKG.png; sourceTree = "<group>"; };
		4F8644A2180FB3F70003D008 /* TS_Com_NavBar_BKG@2x.png */ = {isa = PBXFileReference; lastKnownFileType = image.png; path = "TS_Com_NavBar_BKG@2x.png"; sourceTree = "<group>"; };
		4F8644AA180FB5E40003D008 /* ImageNameRule.rtf */ = {isa = PBXFileReference; fileEncoding = 4; lastKnownFileType = text.rtf; path = ImageNameRule.rtf; sourceTree = "<group>"; };
		4F8644AC180FB9DC0003D008 /* TS_Com_Back_Icon.png */ = {isa = PBXFileReference; lastKnownFileType = image.png; path = TS_Com_Back_Icon.png; sourceTree = "<group>"; };
		4F8644AD180FB9DC0003D008 /* TS_Com_Back_Icon@2x.png */ = {isa = PBXFileReference; lastKnownFileType = image.png; path = "TS_Com_Back_Icon@2x.png"; sourceTree = "<group>"; };
		4F8644B0180FBAB20003D008 /* TSNavigationBar.h */ = {isa = PBXFileReference; fileEncoding = 4; lastKnownFileType = sourcecode.c.h; path = TSNavigationBar.h; sourceTree = "<group>"; };
		4F8644B1180FBAB20003D008 /* TSNavigationBar.m */ = {isa = PBXFileReference; fileEncoding = 4; lastKnownFileType = sourcecode.c.objc; path = TSNavigationBar.m; sourceTree = "<group>"; };
		4FA9F8E7182A5FCC00CB7139 /* TSHTTPClient.h */ = {isa = PBXFileReference; fileEncoding = 4; lastKnownFileType = sourcecode.c.h; path = TSHTTPClient.h; sourceTree = "<group>"; };
		4FA9F8E8182A5FCC00CB7139 /* TSHTTPClient.m */ = {isa = PBXFileReference; fileEncoding = 4; lastKnownFileType = sourcecode.c.objc; path = TSHTTPClient.m; sourceTree = "<group>"; };
		4FA9F8EB182A601C00CB7139 /* CDataScanner.h */ = {isa = PBXFileReference; fileEncoding = 4; lastKnownFileType = sourcecode.c.h; path = CDataScanner.h; sourceTree = "<group>"; };
		4FA9F8EC182A601C00CB7139 /* CDataScanner.m */ = {isa = PBXFileReference; fileEncoding = 4; lastKnownFileType = sourcecode.c.objc; path = CDataScanner.m; sourceTree = "<group>"; };
		4FA9F8EE182A601C00CB7139 /* CFilteringJSONSerializer.h */ = {isa = PBXFileReference; fileEncoding = 4; lastKnownFileType = sourcecode.c.h; path = CFilteringJSONSerializer.h; sourceTree = "<group>"; };
		4FA9F8EF182A601C00CB7139 /* CFilteringJSONSerializer.m */ = {isa = PBXFileReference; fileEncoding = 4; lastKnownFileType = sourcecode.c.objc; path = CFilteringJSONSerializer.m; sourceTree = "<group>"; };
		4FA9F8F0182A601C00CB7139 /* CJSONDeserializer_BlocksExtensions.h */ = {isa = PBXFileReference; fileEncoding = 4; lastKnownFileType = sourcecode.c.h; path = CJSONDeserializer_BlocksExtensions.h; sourceTree = "<group>"; };
		4FA9F8F1182A601C00CB7139 /* CJSONDeserializer_BlocksExtensions.m */ = {isa = PBXFileReference; fileEncoding = 4; lastKnownFileType = sourcecode.c.objc; path = CJSONDeserializer_BlocksExtensions.m; sourceTree = "<group>"; };
		4FA9F8F2182A601C00CB7139 /* CJSONSerialization.h */ = {isa = PBXFileReference; fileEncoding = 4; lastKnownFileType = sourcecode.c.h; path = CJSONSerialization.h; sourceTree = "<group>"; };
		4FA9F8F3182A601C00CB7139 /* CJSONSerialization.m */ = {isa = PBXFileReference; fileEncoding = 4; lastKnownFileType = sourcecode.c.objc; path = CJSONSerialization.m; sourceTree = "<group>"; };
		4FA9F8F4182A601C00CB7139 /* CJSONSerializedData.h */ = {isa = PBXFileReference; fileEncoding = 4; lastKnownFileType = sourcecode.c.h; path = CJSONSerializedData.h; sourceTree = "<group>"; };
		4FA9F8F5182A601C00CB7139 /* CJSONSerializedData.m */ = {isa = PBXFileReference; fileEncoding = 4; lastKnownFileType = sourcecode.c.objc; path = CJSONSerializedData.m; sourceTree = "<group>"; };
		4FA9F8F7182A601C00CB7139 /* CDataScanner_Extensions.h */ = {isa = PBXFileReference; fileEncoding = 4; lastKnownFileType = sourcecode.c.h; path = CDataScanner_Extensions.h; sourceTree = "<group>"; };
		4FA9F8F8182A601C00CB7139 /* CDataScanner_Extensions.m */ = {isa = PBXFileReference; fileEncoding = 4; lastKnownFileType = sourcecode.c.objc; path = CDataScanner_Extensions.m; sourceTree = "<group>"; };
		4FA9F8F9182A601C00CB7139 /* NSDictionary_JSONExtensions.h */ = {isa = PBXFileReference; fileEncoding = 4; lastKnownFileType = sourcecode.c.h; path = NSDictionary_JSONExtensions.h; sourceTree = "<group>"; };
		4FA9F8FA182A601C00CB7139 /* NSDictionary_JSONExtensions.m */ = {isa = PBXFileReference; fileEncoding = 4; lastKnownFileType = sourcecode.c.objc; path = NSDictionary_JSONExtensions.m; sourceTree = "<group>"; };
		4FA9F8FC182A601C00CB7139 /* CJSONDeserializer.h */ = {isa = PBXFileReference; fileEncoding = 4; lastKnownFileType = sourcecode.c.h; path = CJSONDeserializer.h; sourceTree = "<group>"; };
		4FA9F8FD182A601C00CB7139 /* CJSONDeserializer.m */ = {isa = PBXFileReference; fileEncoding = 4; lastKnownFileType = sourcecode.c.objc; path = CJSONDeserializer.m; sourceTree = "<group>"; };
		4FA9F8FE182A601C00CB7139 /* CJSONScanner.h */ = {isa = PBXFileReference; fileEncoding = 4; lastKnownFileType = sourcecode.c.h; path = CJSONScanner.h; sourceTree = "<group>"; };
		4FA9F8FF182A601C00CB7139 /* CJSONScanner.m */ = {isa = PBXFileReference; fileEncoding = 4; lastKnownFileType = sourcecode.c.objc; path = CJSONScanner.m; sourceTree = "<group>"; };
		4FA9F900182A601C00CB7139 /* CJSONSerializer.h */ = {isa = PBXFileReference; fileEncoding = 4; lastKnownFileType = sourcecode.c.h; path = CJSONSerializer.h; sourceTree = "<group>"; };
		4FA9F901182A601C00CB7139 /* CJSONSerializer.m */ = {isa = PBXFileReference; fileEncoding = 4; lastKnownFileType = sourcecode.c.objc; path = CJSONSerializer.m; sourceTree = "<group>"; };
		4FA9F902182A601C00CB7139 /* JSONRepresentation.h */ = {isa = PBXFileReference; fileEncoding = 4; lastKnownFileType = sourcecode.c.h; path = JSONRepresentation.h; sourceTree = "<group>"; };
		4FA9F90E182A60A200CB7139 /* UIColor+Hex.h */ = {isa = PBXFileReference; fileEncoding = 4; lastKnownFileType = sourcecode.c.h; path = "UIColor+Hex.h"; sourceTree = "<group>"; };
		4FA9F90F182A60A200CB7139 /* UIColor+Hex.m */ = {isa = PBXFileReference; fileEncoding = 4; lastKnownFileType = sourcecode.c.objc; path = "UIColor+Hex.m"; sourceTree = "<group>"; };
		4FA9F911182A618700CB7139 /* NSDictionary+safeDictionary.h */ = {isa = PBXFileReference; fileEncoding = 4; lastKnownFileType = sourcecode.c.h; path = "NSDictionary+safeDictionary.h"; sourceTree = "<group>"; };
		4FA9F912182A618700CB7139 /* NSDictionary+safeDictionary.m */ = {isa = PBXFileReference; fileEncoding = 4; lastKnownFileType = sourcecode.c.objc; path = "NSDictionary+safeDictionary.m"; sourceTree = "<group>"; };
		4FA9F913182A618700CB7139 /* NSString+MD5Addition.h */ = {isa = PBXFileReference; fileEncoding = 4; lastKnownFileType = sourcecode.c.h; path = "NSString+MD5Addition.h"; sourceTree = "<group>"; };
		4FA9F914182A618800CB7139 /* NSString+MD5Addition.m */ = {isa = PBXFileReference; fileEncoding = 4; lastKnownFileType = sourcecode.c.objc; path = "NSString+MD5Addition.m"; sourceTree = "<group>"; };
		4FA9F915182A618800CB7139 /* UIDevice+IdentifierAddition.h */ = {isa = PBXFileReference; fileEncoding = 4; lastKnownFileType = sourcecode.c.h; path = "UIDevice+IdentifierAddition.h"; sourceTree = "<group>"; };
		4FA9F916182A618800CB7139 /* UIDevice+IdentifierAddition.m */ = {isa = PBXFileReference; fileEncoding = 4; lastKnownFileType = sourcecode.c.objc; path = "UIDevice+IdentifierAddition.m"; sourceTree = "<group>"; };
		4FA9F917182A618800CB7139 /* UIImage+Scale.h */ = {isa = PBXFileReference; fileEncoding = 4; lastKnownFileType = sourcecode.c.h; path = "UIImage+Scale.h"; sourceTree = "<group>"; };
		4FA9F918182A618800CB7139 /* UIImage+Scale.m */ = {isa = PBXFileReference; fileEncoding = 4; lastKnownFileType = sourcecode.c.objc; path = "UIImage+Scale.m"; sourceTree = "<group>"; };
		4FA9F919182A618800CB7139 /* UINavigationBar+NavBarCfg.h */ = {isa = PBXFileReference; fileEncoding = 4; lastKnownFileType = sourcecode.c.h; path = "UINavigationBar+NavBarCfg.h"; sourceTree = "<group>"; };
		4FA9F91A182A618800CB7139 /* UINavigationBar+NavBarCfg.m */ = {isa = PBXFileReference; fileEncoding = 4; lastKnownFileType = sourcecode.c.objc; path = "UINavigationBar+NavBarCfg.m"; sourceTree = "<group>"; };
		4FA9F91B182A618800CB7139 /* UIView+BFExtension.h */ = {isa = PBXFileReference; fileEncoding = 4; lastKnownFileType = sourcecode.c.h; path = "UIView+BFExtension.h"; sourceTree = "<group>"; };
		4FA9F91C182A618800CB7139 /* UIView+BFExtension.m */ = {isa = PBXFileReference; fileEncoding = 4; lastKnownFileType = sourcecode.c.objc; path = "UIView+BFExtension.m"; sourceTree = "<group>"; };
		4FA9F924182A627900CB7139 /* Reachability.h */ = {isa = PBXFileReference; fileEncoding = 4; lastKnownFileType = sourcecode.c.h; path = Reachability.h; sourceTree = "<group>"; };
		4FA9F925182A627900CB7139 /* Reachability.m */ = {isa = PBXFileReference; fileEncoding = 4; lastKnownFileType = sourcecode.c.objc; path = Reachability.m; sourceTree = "<group>"; };
		4FA9F927182A62AB00CB7139 /* SystemConfiguration.framework */ = {isa = PBXFileReference; lastKnownFileType = wrapper.framework; name = SystemConfiguration.framework; path = System/Library/Frameworks/SystemConfiguration.framework; sourceTree = SDKROOT; };
		EC2DA0B11809440A0000EE60 /* libsqlite3.dylib */ = {isa = PBXFileReference; lastKnownFileType = "compiled.mach-o.dylib"; name = libsqlite3.dylib; path = usr/lib/libsqlite3.dylib; sourceTree = SDKROOT; };
		ECDA983F18114186006D9885 /* Content */ = {isa = PBXFileReference; lastKnownFileType = folder; name = Content; path = ../Content; sourceTree = "<group>"; };
/* End PBXFileReference section */

/* Begin PBXFrameworksBuildPhase section */
		4F476EF01D9FE81200610FB2 /* Frameworks */ = {
			isa = PBXFrameworksBuildPhase;
			buildActionMask = 2147483647;
			files = (
				4FA9F928182A62AB00CB7139 /* SystemConfiguration.framework in Frameworks */,
				4F029B001826B3AD00EE6183 /* Security.framework in Frameworks */,
				1839BB111824D80A00EEEB03 /* libxml2.dylib in Frameworks */,
				4F4D8F891823C0F000D611C8 /* MapKit.framework in Frameworks */,
				4F4D8F871823C0E800D611C8 /* ImageIO.framework in Frameworks */,
				4F7C034B1816E04800B91B9A /* CoreText.framework in Frameworks */,
				EC2DA0B21809440A0000EE60 /* libsqlite3.dylib in Frameworks */,
				4F00A6C71802649E003B057C /* QuartzCore.framework in Frameworks */,
				4F5BB4E517FB0A070010B422 /* AVFoundation.framework in Frameworks */,
				4F476EF71D9FE81200610FB2 /* UIKit.framework in Frameworks */,
				4F476EF91D9FE81200610FB2 /* Foundation.framework in Frameworks */,
				4F476EFB1D9FE81200610FB2 /* CoreGraphics.framework in Frameworks */,
			);
			runOnlyForDeploymentPostprocessing = 0;
		};
/* End PBXFrameworksBuildPhase section */

/* Begin PBXGroup section */
		1839BAD91824D7C200EEEB03 /* include */ = {
			isa = PBXGroup;
			children = (
				1839BADA1824D7C200EEEB03 /* Callback.h */,
				1839BADB1824D7C200EEEB03 /* DatabaseManager.h */,
				1839BADC1824D7C200EEEB03 /* DBTableConstants.h */,
				1839BADD1824D7C200EEEB03 /* FileHelper.h */,
				1839BADE1824D7C200EEEB03 /* FileManager.h */,
				1839BADF1824D7C200EEEB03 /* Logger.h */,
				1839BAE01824D7C200EEEB03 /* macros.h */,
				1839BAE11824D7C200EEEB03 /* Math */,
				1839BAE31824D7C200EEEB03 /* MemberCallback.h */,
				1839BAE41824D7C200EEEB03 /* PlatformManager.h */,
				1839BAE51824D7C200EEEB03 /* Property.h */,
				1839BAE61824D7C200EEEB03 /* PropertyList.h */,
				1839BAE71824D7C200EEEB03 /* ResultCodes.h */,
				1839BAE81824D7C200EEEB03 /* SharedPtr.h */,
				1839BAEA1824D7C200EEEB03 /* Text */,
				1839BAEE1824D7C200EEEB03 /* XML.h */,
				1839BAEF1824D7C200EEEB03 /* XMLHelper.h */,
			);
			path = include;
			sourceTree = "<group>";
		};
		1839BAE11824D7C200EEEB03 /* Math */ = {
			isa = PBXGroup;
			children = (
				1839BAE21824D7C200EEEB03 /* WalaberMath.h */,
			);
			path = Math;
			sourceTree = "<group>";
		};
		1839BAEA1824D7C200EEEB03 /* Text */ = {
			isa = PBXGroup;
			children = (
				1839BAEB1824D7C200EEEB03 /* StringHelper.h */,
				1839BAEC1824D7C200EEEB03 /* TextManager.h */,
				1839BAED1824D7C200EEEB03 /* UTF8Helper.h */,
			);
			path = Text;
			sourceTree = "<group>";
		};
		1839BAF01824D7D400EEEB03 /* src */ = {
			isa = PBXGroup;
			children = (
				1839BAF11824D7D400EEEB03 /* Callback.cpp */,
				1839BAF21824D7D400EEEB03 /* DatabaseManager.cpp */,
				1839BAF31824D7D400EEEB03 /* FileHelper.cpp */,
				1839BAF41824D7D400EEEB03 /* FileManager.cpp */,
				1839BAF51824D7D400EEEB03 /* Logger.cpp */,
				1839BAF61824D7D400EEEB03 /* MemberCallback.cpp */,
				1839BAF71824D7D400EEEB03 /* PlatformManager.cpp */,
				1839BAF81824D7D400EEEB03 /* Property.cpp */,
				1839BAF91824D7D400EEEB03 /* PropertyList.cpp */,
				1839BAFA1824D7D400EEEB03 /* SharedPtr.cpp */,
				1839BAFC1824D7D400EEEB03 /* Text */,
				1839BB001824D7D400EEEB03 /* XML.cpp */,
			);
			path = src;
			sourceTree = "<group>";
		};
		1839BAFC1824D7D400EEEB03 /* Text */ = {
			isa = PBXGroup;
			children = (
				1839BAFD1824D7D400EEEB03 /* StringHelper.cpp */,
				1839BAFE1824D7D400EEEB03 /* TextManager.cpp */,
				1839BAFF1824D7D400EEEB03 /* UTF8Helper.cpp */,
			);
			path = Text;
			sourceTree = "<group>";
		};
		4F00A69918026477003B057C /* AssistFramework */ = {
			isa = PBXGroup;
			children = (
				4FA9F923182A627900CB7139 /* Reachability */,
				4FA9F8EA182A601C00CB7139 /* TouchJSON */,
				4F029AE21826B32E00EE6183 /* AFNetworking */,
				4F4D8F681823BFC300D611C8 /* SDWebImage */,
				4F7C03431816DFE900B91B9A /* RichLabel */,
				4F864497180F8ED50003D008 /* FlipBoardNavigationController */,
				4F00A69A18026477003B057C /* FlipBoard */,
				4F00A6A518026477003B057C /* RESideMenu */,
			);
			path = AssistFramework;
			sourceTree = "<group>";
		};
		4F00A69A18026477003B057C /* FlipBoard */ = {
			isa = PBXGroup;
			children = (
				4F00A69B18026477003B057C /* AnimationDelegate.h */,
				4F00A69C18026477003B057C /* AnimationDelegate.m */,
				4F00A69D18026477003B057C /* AnimationFrame.h */,
				4F00A69E18026477003B057C /* AnimationFrame.m */,
				4F00A69F18026477003B057C /* FlipView.h */,
				4F00A6A018026477003B057C /* FlipView.m */,
				4F00A6A118026477003B057C /* GenericAnimationView.h */,
				4F00A6A218026477003B057C /* GenericAnimationView.m */,
				4F00A6A318026477003B057C /* UIView+Image.h */,
				4F00A6A418026477003B057C /* UIView+Image.m */,
			);
			path = FlipBoard;
			sourceTree = "<group>";
		};
		4F00A6A518026477003B057C /* RESideMenu */ = {
			isa = PBXGroup;
			children = (
				4F00A6A618026477003B057C /* AccelerationAnimation.h */,
				4F00A6A718026477003B057C /* AccelerationAnimation.m */,
				4F00A6A818026477003B057C /* Evaluate.h */,
				4F00A6A918026477003B057C /* Evaluate.m */,
				4F00A6AA18026477003B057C /* REBackgroundView.h */,
				4F00A6AB18026477003B057C /* REBackgroundView.m */,
				4F00A6AC18026477003B057C /* RESideMenu.h */,
				4F00A6AD18026477003B057C /* RESideMenu.m */,
				4F00A6AE18026477003B057C /* RESideMenuCell.h */,
				4F00A6AF18026477003B057C /* RESideMenuCell.m */,
				4F00A6B018026477003B057C /* RESideMenuItem.h */,
				4F00A6B118026477003B057C /* RESideMenuItem.m */,
				4F00A6B218026477003B057C /* UINavigationController+DelegateFixes.h */,
				4F00A6B318026477003B057C /* UINavigationController+DelegateFixes.m */,
				4F00A6B418026477003B057C /* UIView+ImageSnapshot.h */,
				4F00A6B518026477003B057C /* UIView+ImageSnapshot.m */,
				4F00A6B618026477003B057C /* UIViewController+RESideMenu.h */,
				4F00A6B718026477003B057C /* UIViewController+RESideMenu.m */,
			);
			path = RESideMenu;
			sourceTree = "<group>";
		};
		4F029ADE1826B09B00EE6183 /* Encapsulation */ = {
			isa = PBXGroup;
			children = (
				4F029ADF1826B0C900EE6183 /* UIImageView+TalkingScene.h */,
				4F029AE01826B0C900EE6183 /* UIImageView+TalkingScene.m */,
				4FA9F8E7182A5FCC00CB7139 /* TSHTTPClient.h */,
				4FA9F8E8182A5FCC00CB7139 /* TSHTTPClient.m */,
			);
			path = Encapsulation;
			sourceTree = "<group>";
		};
		4F029AE21826B32E00EE6183 /* AFNetworking */ = {
			isa = PBXGroup;
			children = (
				4F029AE31826B32E00EE6183 /* AFHTTPClient.h */,
				4F029AE41826B32E00EE6183 /* AFHTTPClient.m */,
				4F029AE51826B32E00EE6183 /* AFHTTPRequestOperation.h */,
				4F029AE61826B32E00EE6183 /* AFHTTPRequestOperation.m */,
				4F029AE71826B32E00EE6183 /* AFImageRequestOperation.h */,
				4F029AE81826B32E00EE6183 /* AFImageRequestOperation.m */,
				4F029AE91826B32E00EE6183 /* AFJSONRequestOperation.h */,
				4F029AEA1826B32E00EE6183 /* AFJSONRequestOperation.m */,
				4F029AEB1826B32E00EE6183 /* AFNetworkActivityIndicatorManager.h */,
				4F029AEC1826B32E00EE6183 /* AFNetworkActivityIndicatorManager.m */,
				4F029AED1826B32E00EE6183 /* AFNetworking.h */,
				4F029AEE1826B32E00EE6183 /* AFPropertyListRequestOperation.h */,
				4F029AEF1826B32E00EE6183 /* AFPropertyListRequestOperation.m */,
				4F029AF01826B32E00EE6183 /* AFURLConnectionOperation.h */,
				4F029AF11826B32E00EE6183 /* AFURLConnectionOperation.m */,
				4F029AF21826B32E00EE6183 /* AFXMLRequestOperation.h */,
				4F029AF31826B32E00EE6183 /* AFXMLRequestOperation.m */,
				4F029AF41826B32E00EE6183 /* UIImageView+AFNetworking.h */,
				4F029AF51826B32E00EE6183 /* UIImageView+AFNetworking.m */,
			);
			path = AFNetworking;
			sourceTree = "<group>";
		};
		4F476EEA1D9FE81200610FB2 = {
			isa = PBXGroup;
			children = (
				ECDA983F18114186006D9885 /* Content */,
				1839BAF01824D7D400EEEB03 /* src */,
				1839BAD91824D7C200EEEB03 /* include */,
				4F86449B180FB2730003D008 /* 图片资源 */,
				4F476EFC1D9FE81200610FB2 /* TalkingScene */,
				4F476EF51D9FE81200610FB2 /* Frameworks */,
				4F476EF41D9FE81200610FB2 /* Products */,
			);
			sourceTree = "<group>";
		};
		4F476EF41D9FE81200610FB2 /* Products */ = {
			isa = PBXGroup;
			children = (
				4F476EF31D9FE81200610FB2 /* TalkingScene.app */,
			);
			name = Products;
			sourceTree = "<group>";
		};
		4F476EF51D9FE81200610FB2 /* Frameworks */ = {
			isa = PBXGroup;
			children = (
				4FA9F927182A62AB00CB7139 /* SystemConfiguration.framework */,
				4F029AFF1826B3AD00EE6183 /* Security.framework */,
				1839BB101824D80A00EEEB03 /* libxml2.dylib */,
				4F4D8F881823C0F000D611C8 /* MapKit.framework */,
				4F4D8F861823C0E800D611C8 /* ImageIO.framework */,
				4F7C034A1816E04800B91B9A /* CoreText.framework */,
				EC2DA0B11809440A0000EE60 /* libsqlite3.dylib */,
				4F00A6C61802649E003B057C /* QuartzCore.framework */,
				4F5BB4E417FB0A070010B422 /* AVFoundation.framework */,
				4F476EF61D9FE81200610FB2 /* UIKit.framework */,
				4F476EF81D9FE81200610FB2 /* Foundation.framework */,
				4F476EFA1D9FE81200610FB2 /* CoreGraphics.framework */,
			);
			name = Frameworks;
			sourceTree = "<group>";
		};
		4F476EFC1D9FE81200610FB2 /* TalkingScene */ = {
			isa = PBXGroup;
			children = (
				4FA9F90D182A605100CB7139 /* Category */,
				4F029ADE1826B09B00EE6183 /* Encapsulation */,
				4F8644A9180FB5230003D008 /* 自定义控件 */,
				4F57A6931803AB3000A581D8 /* 宏 */,
				4F57A67A18039CA000A581D8 /* 登录 */,
				4F57A67618039CA000A581D8 /* 选故事 */,
				4F57A67218039CA000A581D8 /* 选剧情 */,
				4F57A68218039CA000A581D8 /* 选角色 */,
				4F57A67E18039CA000A581D8 /* 基类 */,
				4F00A69918026477003B057C /* AssistFramework */,
				4F476F051D9FE81200610FB2 /* AppDelegate.h */,
				4F476F061D9FE81200610FB2 /* AppDelegate.m */,
				4F476F0E1D9FE81200610FB2 /* ViewController.h */,
				4F476F0F1D9FE81200610FB2 /* ViewController.mm */,
				4F476F111D9FE81200610FB2 /* ViewController.xib */,
				4F476EFD1D9FE81200610FB2 /* Supporting Files */,
			);
			path = TalkingScene;
			sourceTree = "<group>";
		};
		4F476EFD1D9FE81200610FB2 /* Supporting Files */ = {
			isa = PBXGroup;
			children = (
				4F476EFE1D9FE81200610FB2 /* TalkingScene-Info.plist */,
				4F476EFF1D9FE81200610FB2 /* InfoPlist.strings */,
				4F476F021D9FE81200610FB2 /* main.m */,
				4F476F041D9FE81200610FB2 /* TalkingScene-Prefix.pch */,
				4F476F081D9FE81200610FB2 /* Default.png */,
				4F476F0A1D9FE81200610FB2 /* Default@2x.png */,
				4F476F0C1D9FE81200610FB2 /* Default-568h@2x.png */,
			);
			name = "Supporting Files";
			sourceTree = "<group>";
		};
		4F4D8F681823BFC300D611C8 /* SDWebImage */ = {
			isa = PBXGroup;
			children = (
				4F4D8F691823BFC300D611C8 /* MKAnnotationView+WebCache.h */,
				4F4D8F6A1823BFC300D611C8 /* MKAnnotationView+WebCache.m */,
				4F4D8F6B1823BFC300D611C8 /* SDImageCache.h */,
				4F4D8F6C1823BFC300D611C8 /* SDImageCache.m */,
				4F4D8F6D1823BFC300D611C8 /* SDImageCacheDelegate.h */,
				4F4D8F6E1823BFC300D611C8 /* SDWebImageCompat.h */,
				4F4D8F6F1823BFC300D611C8 /* SDWebImageDecoder.h */,
				4F4D8F701823BFC300D611C8 /* SDWebImageDecoder.m */,
				4F4D8F711823BFC300D611C8 /* SDWebImageDownloader.h */,
				4F4D8F721823BFC300D611C8 /* SDWebImageDownloader.m */,
				4F4D8F731823BFC300D611C8 /* SDWebImageDownloaderDelegate.h */,
				4F4D8F741823BFC300D611C8 /* SDWebImageManager.h */,
				4F4D8F751823BFC300D611C8 /* SDWebImageManager.m */,
				4F4D8F761823BFC300D611C8 /* SDWebImageManagerDelegate.h */,
				4F4D8F771823BFC300D611C8 /* SDWebImagePrefetcher.h */,
				4F4D8F781823BFC300D611C8 /* SDWebImagePrefetcher.m */,
				4F4D8F791823BFC300D611C8 /* UIButton+WebCache.h */,
				4F4D8F7A1823BFC300D611C8 /* UIButton+WebCache.m */,
				4F4D8F7B1823BFC300D611C8 /* UIImageView+WebCache.h */,
				4F4D8F7C1823BFC300D611C8 /* UIImageView+WebCache.m */,
			);
			path = SDWebImage;
			sourceTree = "<group>";
		};
		4F4D8F8D1823C2AF00D611C8 /* Temp */ = {
			isa = PBXGroup;
			children = (
				4F4D8F8E1823C2AF00D611C8 /* Cang.jpg */,
				4F4D8F8F1823C2AF00D611C8 /* Tang.JPG */,
			);
			path = Temp;
			sourceTree = "<group>";
		};
		4F4D8F901823C2AF00D611C8 /* Login */ = {
			isa = PBXGroup;
			children = (
				4F4D8F911823C2AF00D611C8 /* TS_Login_BKG.png */,
			);
			path = Login;
			sourceTree = "<group>";
		};
		4F4D8F921823C2AF00D611C8 /* CustomWidget */ = {
			isa = PBXGroup;
			children = (
				4F4D8F931823C2AF00D611C8 /* TS_Cus_DialogLeft_BKG.png */,
				4F4D8F941823C2AF00D611C8 /* TS_Cus_DialogLeftBig_BKG.png */,
				4F4D8F951823C2AF00D611C8 /* TS_Cus_DialogPortrait_BKG.png */,
				4F4D8F961823C2AF00D611C8 /* TS_Cus_DialogRight_BKG.png */,
				4F4D8F971823C2AF00D611C8 /* TS_Cus_DialogRightBig_BKG.png */,
			);
			path = CustomWidget;
			sourceTree = "<group>";
		};
		4F57A67218039CA000A581D8 /* 选剧情 */ = {
			isa = PBXGroup;
			children = (
				4F57A67318039CA000A581D8 /* TSSceneSelectViewController.h */,
				4F57A67418039CA000A581D8 /* TSSceneSelectViewController.mm */,
				4F57A67518039CA000A581D8 /* TSSceneSelectViewController.xib */,
			);
			name = "选剧情";
			path = SceneSelect;
			sourceTree = "<group>";
		};
		4F57A67618039CA000A581D8 /* 选故事 */ = {
			isa = PBXGroup;
			children = (
				4F57A67718039CA000A581D8 /* TSStorySelectViewController.h */,
				4F57A67818039CA000A581D8 /* TSStorySelectViewController.mm */,
				4F57A67918039CA000A581D8 /* TSStorySelectViewController.xib */,
			);
			name = "选故事";
			path = StorySelect;
			sourceTree = "<group>";
		};
		4F57A67A18039CA000A581D8 /* 登录 */ = {
			isa = PBXGroup;
			children = (
				4F57A67B18039CA000A581D8 /* TSLoginViewController.h */,
				4F57A67C18039CA000A581D8 /* TSLoginViewController.m */,
				4F57A67D18039CA000A581D8 /* TSLoginViewController.xib */,
			);
			name = "登录";
			path = Login;
			sourceTree = "<group>";
		};
		4F57A67E18039CA000A581D8 /* 基类 */ = {
			isa = PBXGroup;
			children = (
				4F57A67F18039CA000A581D8 /* TSBaseViewController.h */,
				4F57A68018039CA000A581D8 /* TSBaseViewController.m */,
				4F57A68118039CA000A581D8 /* TSBaseViewController.xib */,
			);
			name = "基类";
			path = BaseClass;
			sourceTree = "<group>";
		};
		4F57A68218039CA000A581D8 /* 选角色 */ = {
			isa = PBXGroup;
			children = (
				4F57A68318039CA000A581D8 /* TSRoleSelectViewController.h */,
				4F57A68418039CA000A581D8 /* TSRoleSelectViewController.m */,
				4F57A68518039CA000A581D8 /* TSRoleSelectViewController.xib */,
			);
			name = "选角色";
			path = RoleSelect;
			sourceTree = "<group>";
		};
		4F57A6931803AB3000A581D8 /* 宏 */ = {
			isa = PBXGroup;
			children = (
				4F57A6941803AB3000A581D8 /* TSGlobalMacros.h */,
			);
			name = "宏";
			path = Macro;
			sourceTree = "<group>";
		};
		4F7C03431816DFE900B91B9A /* RichLabel */ = {
			isa = PBXGroup;
			children = (
				4F7C03441816DFE900B91B9A /* RCLabel.h */,
				4F7C03451816DFE900B91B9A /* RCLabel.m */,
				4F7C03461816DFE900B91B9A /* RTLabel.h */,
				4F7C03471816DFE900B91B9A /* RTLabel.m */,
			);
			path = RichLabel;
			sourceTree = "<group>";
		};
		4F864497180F8ED50003D008 /* FlipBoardNavigationController */ = {
			isa = PBXGroup;
			children = (
				4F864498180F8ED50003D008 /* FlipBoardNavigationController.h */,
				4F864499180F8ED50003D008 /* FlipBoardNavigationController.m */,
			);
			path = FlipBoardNavigationController;
			sourceTree = "<group>";
		};
		4F86449B180FB2730003D008 /* 图片资源 */ = {
			isa = PBXGroup;
			children = (
				4F4D8F8D1823C2AF00D611C8 /* Temp */,
				4F4D8F901823C2AF00D611C8 /* Login */,
				4F4D8F921823C2AF00D611C8 /* CustomWidget */,
				4F8644AA180FB5E40003D008 /* ImageNameRule.rtf */,
				4F86449C180FB2B70003D008 /* 公共模块 */,
			);
			name = "图片资源";
			path = ImageResource;
			sourceTree = "<group>";
		};
		4F86449C180FB2B70003D008 /* 公共模块 */ = {
			isa = PBXGroup;
			children = (
				4F86449D180FB3F70003D008 /* TS_Com_NavBarItem_BKG.png */,
				4F86449E180FB3F70003D008 /* TS_Com_NavBarItem_BKG@2x.png */,
				4F8644A0180FB3F70003D008 /* TS_Com_NavBar_BKG.png */,
				4F8644A2180FB3F70003D008 /* TS_Com_NavBar_BKG@2x.png */,
				4F8644AC180FB9DC0003D008 /* TS_Com_Back_Icon.png */,
				4F8644AD180FB9DC0003D008 /* TS_Com_Back_Icon@2x.png */,
			);
			name = "公共模块";
			path = Common;
			sourceTree = "<group>";
		};
		4F8644A9180FB5230003D008 /* 自定义控件 */ = {
			isa = PBXGroup;
			children = (
				4F8644B0180FBAB20003D008 /* TSNavigationBar.h */,
				4F8644B1180FBAB20003D008 /* TSNavigationBar.m */,
				4F4D8F8B1823C20F00D611C8 /* TSDialogView.h */,
				4F4D8F8A1823C20F00D611C8 /* TSDialogView.m */,
			);
			name = "自定义控件";
			path = CustomView;
			sourceTree = "<group>";
		};
		4FA9F8EA182A601C00CB7139 /* TouchJSON */ = {
			isa = PBXGroup;
			children = (
				4FA9F8EB182A601C00CB7139 /* CDataScanner.h */,
				4FA9F8EC182A601C00CB7139 /* CDataScanner.m */,
				4FA9F8ED182A601C00CB7139 /* Experimental */,
				4FA9F8F6182A601C00CB7139 /* Extensions */,
				4FA9F8FB182A601C00CB7139 /* JSON */,
			);
			path = TouchJSON;
			sourceTree = "<group>";
		};
		4FA9F8ED182A601C00CB7139 /* Experimental */ = {
			isa = PBXGroup;
			children = (
				4FA9F8EE182A601C00CB7139 /* CFilteringJSONSerializer.h */,
				4FA9F8EF182A601C00CB7139 /* CFilteringJSONSerializer.m */,
				4FA9F8F0182A601C00CB7139 /* CJSONDeserializer_BlocksExtensions.h */,
				4FA9F8F1182A601C00CB7139 /* CJSONDeserializer_BlocksExtensions.m */,
				4FA9F8F2182A601C00CB7139 /* CJSONSerialization.h */,
				4FA9F8F3182A601C00CB7139 /* CJSONSerialization.m */,
				4FA9F8F4182A601C00CB7139 /* CJSONSerializedData.h */,
				4FA9F8F5182A601C00CB7139 /* CJSONSerializedData.m */,
			);
			path = Experimental;
			sourceTree = "<group>";
		};
		4FA9F8F6182A601C00CB7139 /* Extensions */ = {
			isa = PBXGroup;
			children = (
				4FA9F8F7182A601C00CB7139 /* CDataScanner_Extensions.h */,
				4FA9F8F8182A601C00CB7139 /* CDataScanner_Extensions.m */,
				4FA9F8F9182A601C00CB7139 /* NSDictionary_JSONExtensions.h */,
				4FA9F8FA182A601C00CB7139 /* NSDictionary_JSONExtensions.m */,
			);
			path = Extensions;
			sourceTree = "<group>";
		};
		4FA9F8FB182A601C00CB7139 /* JSON */ = {
			isa = PBXGroup;
			children = (
				4FA9F8FC182A601C00CB7139 /* CJSONDeserializer.h */,
				4FA9F8FD182A601C00CB7139 /* CJSONDeserializer.m */,
				4FA9F8FE182A601C00CB7139 /* CJSONScanner.h */,
				4FA9F8FF182A601C00CB7139 /* CJSONScanner.m */,
				4FA9F900182A601C00CB7139 /* CJSONSerializer.h */,
				4FA9F901182A601C00CB7139 /* CJSONSerializer.m */,
				4FA9F902182A601C00CB7139 /* JSONRepresentation.h */,
			);
			path = JSON;
			sourceTree = "<group>";
		};
		4FA9F90D182A605100CB7139 /* Category */ = {
			isa = PBXGroup;
			children = (
				4FA9F911182A618700CB7139 /* NSDictionary+safeDictionary.h */,
				4FA9F912182A618700CB7139 /* NSDictionary+safeDictionary.m */,
				4FA9F913182A618700CB7139 /* NSString+MD5Addition.h */,
				4FA9F914182A618800CB7139 /* NSString+MD5Addition.m */,
				4FA9F915182A618800CB7139 /* UIDevice+IdentifierAddition.h */,
				4FA9F916182A618800CB7139 /* UIDevice+IdentifierAddition.m */,
				4FA9F917182A618800CB7139 /* UIImage+Scale.h */,
				4FA9F918182A618800CB7139 /* UIImage+Scale.m */,
				4FA9F919182A618800CB7139 /* UINavigationBar+NavBarCfg.h */,
				4FA9F91A182A618800CB7139 /* UINavigationBar+NavBarCfg.m */,
				4FA9F91B182A618800CB7139 /* UIView+BFExtension.h */,
				4FA9F91C182A618800CB7139 /* UIView+BFExtension.m */,
				4FA9F90E182A60A200CB7139 /* UIColor+Hex.h */,
				4FA9F90F182A60A200CB7139 /* UIColor+Hex.m */,
			);
			path = Category;
			sourceTree = "<group>";
		};
		4FA9F923182A627900CB7139 /* Reachability */ = {
			isa = PBXGroup;
			children = (
				4FA9F924182A627900CB7139 /* Reachability.h */,
				4FA9F925182A627900CB7139 /* Reachability.m */,
			);
			path = Reachability;
			sourceTree = "<group>";
		};
/* End PBXGroup section */

/* Begin PBXNativeTarget section */
		4F476EF21D9FE81200610FB2 /* TalkingScene */ = {
			isa = PBXNativeTarget;
			buildConfigurationList = 4F476F161D9FE81200610FB2 /* Build configuration list for PBXNativeTarget "TalkingScene" */;
			buildPhases = (
				EC3C641518113F0E00E32256 /* Run Script-turn database SQL files into binary DBFiles */,
				4F476EF11D9FE81200610FB2 /* Resources */,
				4F476EEF1D9FE81200610FB2 /* Sources */,
				4F476EF01D9FE81200610FB2 /* Frameworks */,
			);
			buildRules = (
			);
			dependencies = (
			);
			name = TalkingScene;
			productName = TalkingScene;
			productReference = 4F476EF31D9FE81200610FB2 /* TalkingScene.app */;
			productType = "com.apple.product-type.application";
		};
/* End PBXNativeTarget section */

/* Begin PBXProject section */
		4F476EEB1D9FE81200610FB2 /* Project object */ = {
			isa = PBXProject;
			attributes = {
				LastUpgradeCheck = 0460;
				ORGANIZATIONNAME = magus;
			};
			buildConfigurationList = 4F476EEE1D9FE81200610FB2 /* Build configuration list for PBXProject "TalkingScene" */;
			compatibilityVersion = "Xcode 3.2";
			developmentRegion = English;
			hasScannedForEncodings = 0;
			knownRegions = (
				en,
			);
			mainGroup = 4F476EEA1D9FE81200610FB2;
			productRefGroup = 4F476EF41D9FE81200610FB2 /* Products */;
			projectDirPath = "";
			projectRoot = "";
			targets = (
				4F476EF21D9FE81200610FB2 /* TalkingScene */,
			);
		};
/* End PBXProject section */

/* Begin PBXResourcesBuildPhase section */
		4F476EF11D9FE81200610FB2 /* Resources */ = {
			isa = PBXResourcesBuildPhase;
			buildActionMask = 2147483647;
			files = (
				4F476F011D9FE81200610FB2 /* InfoPlist.strings in Resources */,
				4F476F091D9FE81200610FB2 /* Default.png in Resources */,
				4F476F0B1D9FE81200610FB2 /* Default@2x.png in Resources */,
				4F476F0D1D9FE81200610FB2 /* Default-568h@2x.png in Resources */,
				4F476F131D9FE81200610FB2 /* ViewController.xib in Resources */,
				4F57A68718039CA000A581D8 /* TSSceneSelectViewController.xib in Resources */,
				4F57A68918039CA000A581D8 /* TSStorySelectViewController.xib in Resources */,
				4F57A68B18039CA000A581D8 /* TSLoginViewController.xib in Resources */,
				4F57A68D18039CA000A581D8 /* TSBaseViewController.xib in Resources */,
				4F57A68F18039CA000A581D8 /* TSRoleSelectViewController.xib in Resources */,
				4F8644A3180FB3F70003D008 /* TS_Com_NavBarItem_BKG.png in Resources */,
				4F8644A4180FB3F70003D008 /* TS_Com_NavBarItem_BKG@2x.png in Resources */,
				4F8644A6180FB3F70003D008 /* TS_Com_NavBar_BKG.png in Resources */,
				4F8644A8180FB3F70003D008 /* TS_Com_NavBar_BKG@2x.png in Resources */,
				4F8644AB180FB5E40003D008 /* ImageNameRule.rtf in Resources */,
				4F8644AE180FB9DC0003D008 /* TS_Com_Back_Icon.png in Resources */,
				4F8644AF180FB9DC0003D008 /* TS_Com_Back_Icon@2x.png in Resources */,
				ECDA984018114186006D9885 /* Content in Resources */,
				4F4D8F981823C2AF00D611C8 /* Cang.jpg in Resources */,
				4F4D8F991823C2AF00D611C8 /* Tang.JPG in Resources */,
				4F4D8F9A1823C2AF00D611C8 /* TS_Login_BKG.png in Resources */,
				4F4D8F9B1823C2AF00D611C8 /* TS_Cus_DialogLeft_BKG.png in Resources */,
				4F4D8F9C1823C2AF00D611C8 /* TS_Cus_DialogLeftBig_BKG.png in Resources */,
				4F4D8F9D1823C2AF00D611C8 /* TS_Cus_DialogPortrait_BKG.png in Resources */,
				4F4D8F9E1823C2AF00D611C8 /* TS_Cus_DialogRight_BKG.png in Resources */,
				4F4D8F9F1823C2AF00D611C8 /* TS_Cus_DialogRightBig_BKG.png in Resources */,
			);
			runOnlyForDeploymentPostprocessing = 0;
		};
/* End PBXResourcesBuildPhase section */

/* Begin PBXShellScriptBuildPhase section */
		EC3C641518113F0E00E32256 /* Run Script-turn database SQL files into binary DBFiles */ = {
			isa = PBXShellScriptBuildPhase;
			buildActionMask = 2147483647;
			files = (
			);
			inputPaths = (
			);
			name = "Run Script-turn database SQL files into binary DBFiles";
			outputPaths = (
			);
			runOnlyForDeploymentPostprocessing = 0;
			shellPath = /bin/sh;
			shellScript = "#!/bin/bash\n# Auto Increment Version Script\necho \"turning SQL files into binary .DB files...\"\n\n. \"$PROJECT_DIR\"/../ContentRaw/Data/build_db_from_sql.sh \"$PROJECT_DIR\"/../ContentRaw/Data \"$PROJECT_DIR\"/../Content/Data\n\n#update the content,for xcode 5 doesn't update auto\ntouch \"$PROJECT_DIR\"/../Content";
		};
/* End PBXShellScriptBuildPhase section */

/* Begin PBXSourcesBuildPhase section */
		4F476EEF1D9FE81200610FB2 /* Sources */ = {
			isa = PBXSourcesBuildPhase;
			buildActionMask = 2147483647;
			files = (
				4F476F031D9FE81200610FB2 /* main.m in Sources */,
				1839BB031824D7D400EEEB03 /* FileHelper.cpp in Sources */,
				4F476F071D9FE81200610FB2 /* AppDelegate.m in Sources */,
				1839BB041824D7D400EEEB03 /* FileManager.cpp in Sources */,
				4F476F101D9FE81200610FB2 /* ViewController.mm in Sources */,
				4F00A6B818026477003B057C /* AnimationDelegate.m in Sources */,
				4F00A6B918026477003B057C /* AnimationFrame.m in Sources */,
				1839BB0C1824D7D400EEEB03 /* StringHelper.cpp in Sources */,
				1839BB071824D7D400EEEB03 /* PlatformManager.cpp in Sources */,
				4F00A6BA18026477003B057C /* FlipView.m in Sources */,
				4F00A6BB18026477003B057C /* GenericAnimationView.m in Sources */,
				4F00A6BC18026477003B057C /* UIView+Image.m in Sources */,
				4F00A6BD18026477003B057C /* AccelerationAnimation.m in Sources */,
				1839BB091824D7D400EEEB03 /* PropertyList.cpp in Sources */,
				4F00A6BE18026477003B057C /* Evaluate.m in Sources */,
				4F00A6BF18026477003B057C /* REBackgroundView.m in Sources */,
				1839BB081824D7D400EEEB03 /* Property.cpp in Sources */,
				4F00A6C018026477003B057C /* RESideMenu.m in Sources */,
				4F00A6C118026477003B057C /* RESideMenuCell.m in Sources */,
				4F00A6C218026477003B057C /* RESideMenuItem.m in Sources */,
				1839BB061824D7D400EEEB03 /* MemberCallback.cpp in Sources */,
				4F00A6C318026477003B057C /* UINavigationController+DelegateFixes.m in Sources */,
				1839BB0A1824D7D400EEEB03 /* SharedPtr.cpp in Sources */,
				4F00A6C418026477003B057C /* UIView+ImageSnapshot.m in Sources */,
				4F00A6C518026477003B057C /* UIViewController+RESideMenu.m in Sources */,
				4F57A68618039CA000A581D8 /* TSSceneSelectViewController.mm in Sources */,
				4F57A68818039CA000A581D8 /* TSStorySelectViewController.mm in Sources */,
				4F57A68A18039CA000A581D8 /* TSLoginViewController.m in Sources */,
				4F57A68C18039CA000A581D8 /* TSBaseViewController.m in Sources */,
				4F57A68E18039CA000A581D8 /* TSRoleSelectViewController.m in Sources */,
				4F86449A180F8ED50003D008 /* FlipBoardNavigationController.m in Sources */,
				4F8644B2180FBAB20003D008 /* TSNavigationBar.m in Sources */,
				1839BB021824D7D400EEEB03 /* DatabaseManager.cpp in Sources */,
				4F7C03481816DFE900B91B9A /* RCLabel.m in Sources */,
				4F7C03491816DFE900B91B9A /* RTLabel.m in Sources */,
				4F4D8F7E1823BFC300D611C8 /* MKAnnotationView+WebCache.m in Sources */,
				1839BB051824D7D400EEEB03 /* Logger.cpp in Sources */,
				4F4D8F7F1823BFC300D611C8 /* SDImageCache.m in Sources */,
				1839BB0D1824D7D400EEEB03 /* TextManager.cpp in Sources */,
				1839BB011824D7D400EEEB03 /* Callback.cpp in Sources */,
				4F4D8F801823BFC300D611C8 /* SDWebImageDecoder.m in Sources */,
				4F4D8F811823BFC300D611C8 /* SDWebImageDownloader.m in Sources */,
				1839BB0E1824D7D400EEEB03 /* UTF8Helper.cpp in Sources */,
				4F4D8F821823BFC300D611C8 /* SDWebImageManager.m in Sources */,
				4F4D8F831823BFC300D611C8 /* SDWebImagePrefetcher.m in Sources */,
				4F4D8F841823BFC300D611C8 /* UIButton+WebCache.m in Sources */,
				1839BB0F1824D7D400EEEB03 /* XML.cpp in Sources */,
				4F4D8F851823BFC300D611C8 /* UIImageView+WebCache.m in Sources */,
				4F4D8F8C1823C20F00D611C8 /* TSDialogView.m in Sources */,
				4F029AE11826B0C900EE6183 /* UIImageView+TalkingScene.m in Sources */,
				4F029AF61826B32E00EE6183 /* AFHTTPClient.m in Sources */,
				4F029AF71826B32E00EE6183 /* AFHTTPRequestOperation.m in Sources */,
				4F029AF81826B32E00EE6183 /* AFImageRequestOperation.m in Sources */,
				4F029AF91826B32E00EE6183 /* AFJSONRequestOperation.m in Sources */,
				4F029AFA1826B32E00EE6183 /* AFNetworkActivityIndicatorManager.m in Sources */,
				4F029AFB1826B32E00EE6183 /* AFPropertyListRequestOperation.m in Sources */,
				4F029AFC1826B32E00EE6183 /* AFURLConnectionOperation.m in Sources */,
				4F029AFD1826B32E00EE6183 /* AFXMLRequestOperation.m in Sources */,
				4F029AFE1826B32E00EE6183 /* UIImageView+AFNetworking.m in Sources */,
				4FA9F8E9182A5FCC00CB7139 /* TSHTTPClient.m in Sources */,
				4FA9F903182A601C00CB7139 /* CDataScanner.m in Sources */,
				4FA9F904182A601C00CB7139 /* CFilteringJSONSerializer.m in Sources */,
				4FA9F905182A601C00CB7139 /* CJSONDeserializer_BlocksExtensions.m in Sources */,
				4FA9F906182A601C00CB7139 /* CJSONSerialization.m in Sources */,
				4FA9F907182A601C00CB7139 /* CJSONSerializedData.m in Sources */,
				4FA9F908182A601C00CB7139 /* CDataScanner_Extensions.m in Sources */,
				4FA9F909182A601C00CB7139 /* NSDictionary_JSONExtensions.m in Sources */,
				4FA9F90A182A601C00CB7139 /* CJSONDeserializer.m in Sources */,
				4FA9F90B182A601C00CB7139 /* CJSONScanner.m in Sources */,
				4FA9F90C182A601C00CB7139 /* CJSONSerializer.m in Sources */,
				4FA9F910182A60A200CB7139 /* UIColor+Hex.m in Sources */,
				4FA9F91D182A618800CB7139 /* NSDictionary+safeDictionary.m in Sources */,
				4FA9F91E182A618800CB7139 /* NSString+MD5Addition.m in Sources */,
				4FA9F91F182A618800CB7139 /* UIDevice+IdentifierAddition.m in Sources */,
				4FA9F920182A618800CB7139 /* UIImage+Scale.m in Sources */,
				4FA9F921182A618800CB7139 /* UINavigationBar+NavBarCfg.m in Sources */,
				4FA9F922182A618800CB7139 /* UIView+BFExtension.m in Sources */,
				4FA9F926182A627900CB7139 /* Reachability.m in Sources */,
			);
			runOnlyForDeploymentPostprocessing = 0;
		};
/* End PBXSourcesBuildPhase section */

/* Begin PBXVariantGroup section */
		4F476EFF1D9FE81200610FB2 /* InfoPlist.strings */ = {
			isa = PBXVariantGroup;
			children = (
				4F476F001D9FE81200610FB2 /* en */,
			);
			name = InfoPlist.strings;
			sourceTree = "<group>";
		};
		4F476F111D9FE81200610FB2 /* ViewController.xib */ = {
			isa = PBXVariantGroup;
			children = (
				4F476F121D9FE81200610FB2 /* en */,
			);
			name = ViewController.xib;
			sourceTree = "<group>";
		};
/* End PBXVariantGroup section */

/* Begin XCBuildConfiguration section */
		4F476F141D9FE81200610FB2 /* Debug */ = {
			isa = XCBuildConfiguration;
			buildSettings = {
				ALWAYS_SEARCH_USER_PATHS = NO;
				CLANG_CXX_LANGUAGE_STANDARD = "gnu++0x";
				CLANG_CXX_LIBRARY = "libc++";
				CLANG_WARN_CONSTANT_CONVERSION = YES;
				CLANG_WARN_EMPTY_BODY = YES;
				CLANG_WARN_ENUM_CONVERSION = YES;
				CLANG_WARN_INT_CONVERSION = YES;
				CLANG_WARN__DUPLICATE_METHOD_MATCH = YES;
				"CODE_SIGN_IDENTITY[sdk=iphoneos*]" = "iPhone Developer";
				COPY_PHASE_STRIP = NO;
				GCC_C_LANGUAGE_STANDARD = gnu99;
				GCC_DYNAMIC_NO_PIC = NO;
				GCC_OPTIMIZATION_LEVEL = 0;
				GCC_PREPROCESSOR_DEFINITIONS = (
					"DEBUG=1",
					"$(inherited)",
				);
				GCC_SYMBOLS_PRIVATE_EXTERN = NO;
				GCC_WARN_ABOUT_RETURN_TYPE = YES;
				GCC_WARN_UNINITIALIZED_AUTOS = YES;
				GCC_WARN_UNUSED_VARIABLE = YES;
				IPHONEOS_DEPLOYMENT_TARGET = 5.1;
				ONLY_ACTIVE_ARCH = YES;
				SDKROOT = iphoneos;
			};
			name = Debug;
		};
		4F476F151D9FE81200610FB2 /* Release */ = {
			isa = XCBuildConfiguration;
			buildSettings = {
				ALWAYS_SEARCH_USER_PATHS = NO;
				CLANG_CXX_LANGUAGE_STANDARD = "gnu++0x";
				CLANG_CXX_LIBRARY = "libc++";
				CLANG_WARN_CONSTANT_CONVERSION = YES;
				CLANG_WARN_EMPTY_BODY = YES;
				CLANG_WARN_ENUM_CONVERSION = YES;
				CLANG_WARN_INT_CONVERSION = YES;
				CLANG_WARN__DUPLICATE_METHOD_MATCH = YES;
				"CODE_SIGN_IDENTITY[sdk=iphoneos*]" = "iPhone Developer";
				COPY_PHASE_STRIP = YES;
				GCC_C_LANGUAGE_STANDARD = gnu99;
				GCC_WARN_ABOUT_RETURN_TYPE = YES;
				GCC_WARN_UNINITIALIZED_AUTOS = YES;
				GCC_WARN_UNUSED_VARIABLE = YES;
				IPHONEOS_DEPLOYMENT_TARGET = 5.1;
				OTHER_CFLAGS = "-DNS_BLOCK_ASSERTIONS=1";
				SDKROOT = iphoneos;
				VALIDATE_PRODUCT = YES;
			};
			name = Release;
		};
		4F476F171D9FE81200610FB2 /* Debug */ = {
			isa = XCBuildConfiguration;
			buildSettings = {
				CLANG_CXX_LANGUAGE_STANDARD = "compiler-default";
				CLANG_CXX_LIBRARY = "compiler-default";
				GCC_PRECOMPILE_PREFIX_HEADER = YES;
				GCC_PREFIX_HEADER = "TalkingScene/TalkingScene-Prefix.pch";
				HEADER_SEARCH_PATHS = (
					"$(inherited)",
					/Applications/Xcode.app/Contents/Developer/Toolchains/XcodeDefault.xctoolchain/usr/include,
					/usr/include/libxml2,
				);
				INFOPLIST_FILE = "TalkingScene/TalkingScene-Info.plist";
				LIBRARY_SEARCH_PATHS = "$(inherited)";
				"LIBRARY_SEARCH_PATHS[arch=*]" = (
					"$(inherited)",
					"\"$(SRSROOT)/Release-iphonesimulator\"",
					"\"$(SRSROOT)/Release-iphones\"",
				);
				ONLY_ACTIVE_ARCH = YES;
				OTHER_LDFLAGS = "-ObjC";
				PRIVATE_HEADERS_FOLDER_PATH = "$(CONTENTS_FOLDER_PATH)/Headers";
				PRODUCT_NAME = "$(TARGET_NAME)";
				RUN_CLANG_STATIC_ANALYZER = YES;
				WRAPPER_EXTENSION = app;
			};
			name = Debug;
		};
		4F476F181D9FE81200610FB2 /* Release */ = {
			isa = XCBuildConfiguration;
			buildSettings = {
				CLANG_CXX_LANGUAGE_STANDARD = "compiler-default";
				CLANG_CXX_LIBRARY = "compiler-default";
				GCC_PRECOMPILE_PREFIX_HEADER = YES;
				GCC_PREFIX_HEADER = "TalkingScene/TalkingScene-Prefix.pch";
				HEADER_SEARCH_PATHS = (
					"$(inherited)",
					/Applications/Xcode.app/Contents/Developer/Toolchains/XcodeDefault.xctoolchain/usr/include,
					/usr/include/libxml2,
				);
				INFOPLIST_FILE = "TalkingScene/TalkingScene-Info.plist";
				LIBRARY_SEARCH_PATHS = "$(inherited)";
				"LIBRARY_SEARCH_PATHS[arch=*]" = (
					"$(inherited)",
					"\"$(SRSROOT)/Release-iphonesimulator\"",
					"\"$(SRSROOT)/Release-iphones\"",
				);
				ONLY_ACTIVE_ARCH = YES;
				OTHER_LDFLAGS = "-ObjC";
				PRIVATE_HEADERS_FOLDER_PATH = "$(CONTENTS_FOLDER_PATH)/Headers";
				PRODUCT_NAME = "$(TARGET_NAME)";
				RUN_CLANG_STATIC_ANALYZER = YES;
				WRAPPER_EXTENSION = app;
			};
			name = Release;
		};
/* End XCBuildConfiguration section */

/* Begin XCConfigurationList section */
		4F476EEE1D9FE81200610FB2 /* Build configuration list for PBXProject "TalkingScene" */ = {
			isa = XCConfigurationList;
			buildConfigurations = (
				4F476F141D9FE81200610FB2 /* Debug */,
				4F476F151D9FE81200610FB2 /* Release */,
			);
			defaultConfigurationIsVisible = 0;
			defaultConfigurationName = Release;
		};
		4F476F161D9FE81200610FB2 /* Build configuration list for PBXNativeTarget "TalkingScene" */ = {
			isa = XCConfigurationList;
			buildConfigurations = (
				4F476F171D9FE81200610FB2 /* Debug */,
				4F476F181D9FE81200610FB2 /* Release */,
			);
			defaultConfigurationIsVisible = 0;
			defaultConfigurationName = Release;
		};
/* End XCConfigurationList section */
	};
	rootObject = 4F476EEB1D9FE81200610FB2 /* Project object */;
}
