// !$*UTF8*$!
{
	archiveVersion = 1;
	classes = {
	};
	objectVersion = 46;
	objects = {

/* Begin PBXBuildFile section */
		4F00A6B818026477003B057C /* AnimationDelegate.m in Sources */ = {isa = PBXBuildFile; fileRef = 4F00A69C18026477003B057C /* AnimationDelegate.m */; };
		4F00A6B918026477003B057C /* AnimationFrame.m in Sources */ = {isa = PBXBuildFile; fileRef = 4F00A69E18026477003B057C /* AnimationFrame.m */; };
		4F00A6BA18026477003B057C /* FlipView.m in Sources */ = {isa = PBXBuildFile; fileRef = 4F00A6A018026477003B057C /* FlipView.m */; };
		4F00A6BB18026477003B057C /* GenericAnimationView.m in Sources */ = {isa = PBXBuildFile; fileRef = 4F00A6A218026477003B057C /* GenericAnimationView.m */; };
		4F00A6BC18026477003B057C /* UIView+Image.m in Sources */ = {isa = PBXBuildFile; fileRef = 4F00A6A418026477003B057C /* UIView+Image.m */; };
		4F00A6BD18026477003B057C /* AccelerationAnimation.m in Sources */ = {isa = PBXBuildFile; fileRef = 4F00A6A718026477003B057C /* AccelerationAnimation.m */; };
		4F00A6BE18026477003B057C /* Evaluate.m in Sources */ = {isa = PBXBuildFile; fileRef = 4F00A6A918026477003B057C /* Evaluate.m */; };
		4F00A6BF18026477003B057C /* REBackgroundView.m in Sources */ = {isa = PBXBuildFile; fileRef = 4F00A6AB18026477003B057C /* REBackgroundView.m */; };
		4F00A6C018026477003B057C /* RESideMenu.m in Sources */ = {isa = PBXBuildFile; fileRef = 4F00A6AD18026477003B057C /* RESideMenu.m */; };
		4F00A6C118026477003B057C /* RESideMenuCell.m in Sources */ = {isa = PBXBuildFile; fileRef = 4F00A6AF18026477003B057C /* RESideMenuCell.m */; };
		4F00A6C218026477003B057C /* RESideMenuItem.m in Sources */ = {isa = PBXBuildFile; fileRef = 4F00A6B118026477003B057C /* RESideMenuItem.m */; };
		4F00A6C318026477003B057C /* UINavigationController+DelegateFixes.m in Sources */ = {isa = PBXBuildFile; fileRef = 4F00A6B318026477003B057C /* UINavigationController+DelegateFixes.m */; };
		4F00A6C418026477003B057C /* UIView+ImageSnapshot.m in Sources */ = {isa = PBXBuildFile; fileRef = 4F00A6B518026477003B057C /* UIView+ImageSnapshot.m */; };
		4F00A6C518026477003B057C /* UIViewController+RESideMenu.m in Sources */ = {isa = PBXBuildFile; fileRef = 4F00A6B718026477003B057C /* UIViewController+RESideMenu.m */; };
		4F00A6C71802649E003B057C /* QuartzCore.framework in Frameworks */ = {isa = PBXBuildFile; fileRef = 4F00A6C61802649E003B057C /* QuartzCore.framework */; };
		4F476EF71D9FE81200610FB2 /* UIKit.framework in Frameworks */ = {isa = PBXBuildFile; fileRef = 4F476EF61D9FE81200610FB2 /* UIKit.framework */; };
		4F476EF91D9FE81200610FB2 /* Foundation.framework in Frameworks */ = {isa = PBXBuildFile; fileRef = 4F476EF81D9FE81200610FB2 /* Foundation.framework */; };
		4F476EFB1D9FE81200610FB2 /* CoreGraphics.framework in Frameworks */ = {isa = PBXBuildFile; fileRef = 4F476EFA1D9FE81200610FB2 /* CoreGraphics.framework */; };
		4F476F011D9FE81200610FB2 /* InfoPlist.strings in Resources */ = {isa = PBXBuildFile; fileRef = 4F476EFF1D9FE81200610FB2 /* InfoPlist.strings */; };
		4F476F031D9FE81200610FB2 /* main.m in Sources */ = {isa = PBXBuildFile; fileRef = 4F476F021D9FE81200610FB2 /* main.m */; };
		4F476F071D9FE81200610FB2 /* AppDelegate.m in Sources */ = {isa = PBXBuildFile; fileRef = 4F476F061D9FE81200610FB2 /* AppDelegate.m */; };
		4F476F091D9FE81200610FB2 /* Default.png in Resources */ = {isa = PBXBuildFile; fileRef = 4F476F081D9FE81200610FB2 /* Default.png */; };
		4F476F0B1D9FE81200610FB2 /* Default@2x.png in Resources */ = {isa = PBXBuildFile; fileRef = 4F476F0A1D9FE81200610FB2 /* Default@2x.png */; };
		4F476F0D1D9FE81200610FB2 /* Default-568h@2x.png in Resources */ = {isa = PBXBuildFile; fileRef = 4F476F0C1D9FE81200610FB2 /* Default-568h@2x.png */; };
		4F476F101D9FE81200610FB2 /* ViewController.m in Sources */ = {isa = PBXBuildFile; fileRef = 4F476F0F1D9FE81200610FB2 /* ViewController.m */; };
		4F476F131D9FE81200610FB2 /* ViewController.xib in Resources */ = {isa = PBXBuildFile; fileRef = 4F476F111D9FE81200610FB2 /* ViewController.xib */; };
		4F57A68618039CA000A581D8 /* TSSceneSelectViewController.m in Sources */ = {isa = PBXBuildFile; fileRef = 4F57A67418039CA000A581D8 /* TSSceneSelectViewController.m */; };
		4F57A68718039CA000A581D8 /* TSSceneSelectViewController.xib in Resources */ = {isa = PBXBuildFile; fileRef = 4F57A67518039CA000A581D8 /* TSSceneSelectViewController.xib */; };
		4F57A68818039CA000A581D8 /* TSStorySelectViewController.m in Sources */ = {isa = PBXBuildFile; fileRef = 4F57A67818039CA000A581D8 /* TSStorySelectViewController.m */; };
		4F57A68918039CA000A581D8 /* TSStorySelectViewController.xib in Resources */ = {isa = PBXBuildFile; fileRef = 4F57A67918039CA000A581D8 /* TSStorySelectViewController.xib */; };
		4F57A68A18039CA000A581D8 /* TSLoginViewController.m in Sources */ = {isa = PBXBuildFile; fileRef = 4F57A67C18039CA000A581D8 /* TSLoginViewController.m */; };
		4F57A68B18039CA000A581D8 /* TSLoginViewController.xib in Resources */ = {isa = PBXBuildFile; fileRef = 4F57A67D18039CA000A581D8 /* TSLoginViewController.xib */; };
		4F57A68C18039CA000A581D8 /* TSBaseViewController.m in Sources */ = {isa = PBXBuildFile; fileRef = 4F57A68018039CA000A581D8 /* TSBaseViewController.m */; };
		4F57A68D18039CA000A581D8 /* TSBaseViewController.xib in Resources */ = {isa = PBXBuildFile; fileRef = 4F57A68118039CA000A581D8 /* TSBaseViewController.xib */; };
		4F57A68E18039CA000A581D8 /* TSRoleSelectViewController.m in Sources */ = {isa = PBXBuildFile; fileRef = 4F57A68418039CA000A581D8 /* TSRoleSelectViewController.m */; };
		4F57A68F18039CA000A581D8 /* TSRoleSelectViewController.xib in Resources */ = {isa = PBXBuildFile; fileRef = 4F57A68518039CA000A581D8 /* TSRoleSelectViewController.xib */; };
		4F5BB4E517FB0A070010B422 /* AVFoundation.framework in Frameworks */ = {isa = PBXBuildFile; fileRef = 4F5BB4E417FB0A070010B422 /* AVFoundation.framework */; };
		EC26B0E717E9C23B00D2C947 /* DatabaseManager.cpp in Sources */ = {isa = PBXBuildFile; fileRef = EC26B0E617E9C23B00D2C947 /* DatabaseManager.cpp */; };
		EC26B0EC17E9C62300D2C947 /* Callback.cpp in Sources */ = {isa = PBXBuildFile; fileRef = EC26B0EA17E9C62300D2C947 /* Callback.cpp */; };
		EC26B0ED17E9C62300D2C947 /* MemberCallback.cpp in Sources */ = {isa = PBXBuildFile; fileRef = EC26B0EB17E9C62300D2C947 /* MemberCallback.cpp */; };
		EC26B0F017E9C66400D2C947 /* FileManager.cpp in Sources */ = {isa = PBXBuildFile; fileRef = EC26B0EF17E9C66400D2C947 /* FileManager.cpp */; };
		EC26B0F317E9C68300D2C947 /* PropertyList.cpp in Sources */ = {isa = PBXBuildFile; fileRef = EC26B0F217E9C68300D2C947 /* PropertyList.cpp */; };
		EC26B0F717E9C70F00D2C947 /* PlatformManager.cpp in Sources */ = {isa = PBXBuildFile; fileRef = EC26B0F617E9C70F00D2C947 /* PlatformManager.cpp */; };
		EC26B0FA17E9C74200D2C947 /* StringHelper.cpp in Sources */ = {isa = PBXBuildFile; fileRef = EC26B0F917E9C74200D2C947 /* StringHelper.cpp */; };
		EC26B0FD17E9C76B00D2C947 /* FileHelper.cpp in Sources */ = {isa = PBXBuildFile; fileRef = EC26B0FC17E9C76B00D2C947 /* FileHelper.cpp */; };
		EC26B10017E9C83500D2C947 /* Logger.cpp in Sources */ = {isa = PBXBuildFile; fileRef = EC26B0FF17E9C83500D2C947 /* Logger.cpp */; };
		EC26B10417E9C8C800D2C947 /* SharedPtr.cpp in Sources */ = {isa = PBXBuildFile; fileRef = EC26B10317E9C8C800D2C947 /* SharedPtr.cpp */; };
		EC26B10717E9C8FA00D2C947 /* Property.cpp in Sources */ = {isa = PBXBuildFile; fileRef = EC26B10617E9C8FA00D2C947 /* Property.cpp */; };
		EC2DA0B21809440A0000EE60 /* libsqlite3.dylib in Frameworks */ = {isa = PBXBuildFile; fileRef = EC2DA0B11809440A0000EE60 /* libsqlite3.dylib */; };
/* End PBXBuildFile section */

/* Begin PBXFileReference section */
		4F00A69B18026477003B057C /* AnimationDelegate.h */ = {isa = PBXFileReference; fileEncoding = 4; lastKnownFileType = sourcecode.c.h; path = AnimationDelegate.h; sourceTree = "<group>"; };
		4F00A69C18026477003B057C /* AnimationDelegate.m */ = {isa = PBXFileReference; fileEncoding = 4; lastKnownFileType = sourcecode.c.objc; path = AnimationDelegate.m; sourceTree = "<group>"; };
		4F00A69D18026477003B057C /* AnimationFrame.h */ = {isa = PBXFileReference; fileEncoding = 4; lastKnownFileType = sourcecode.c.h; path = AnimationFrame.h; sourceTree = "<group>"; };
		4F00A69E18026477003B057C /* AnimationFrame.m */ = {isa = PBXFileReference; fileEncoding = 4; lastKnownFileType = sourcecode.c.objc; path = AnimationFrame.m; sourceTree = "<group>"; };
		4F00A69F18026477003B057C /* FlipView.h */ = {isa = PBXFileReference; fileEncoding = 4; lastKnownFileType = sourcecode.c.h; path = FlipView.h; sourceTree = "<group>"; };
		4F00A6A018026477003B057C /* FlipView.m */ = {isa = PBXFileReference; fileEncoding = 4; lastKnownFileType = sourcecode.c.objc; path = FlipView.m; sourceTree = "<group>"; };
		4F00A6A118026477003B057C /* GenericAnimationView.h */ = {isa = PBXFileReference; fileEncoding = 4; lastKnownFileType = sourcecode.c.h; path = GenericAnimationView.h; sourceTree = "<group>"; };
		4F00A6A218026477003B057C /* GenericAnimationView.m */ = {isa = PBXFileReference; fileEncoding = 4; lastKnownFileType = sourcecode.c.objc; path = GenericAnimationView.m; sourceTree = "<group>"; };
		4F00A6A318026477003B057C /* UIView+Image.h */ = {isa = PBXFileReference; fileEncoding = 4; lastKnownFileType = sourcecode.c.h; path = "UIView+Image.h"; sourceTree = "<group>"; };
		4F00A6A418026477003B057C /* UIView+Image.m */ = {isa = PBXFileReference; fileEncoding = 4; lastKnownFileType = sourcecode.c.objc; path = "UIView+Image.m"; sourceTree = "<group>"; };
		4F00A6A618026477003B057C /* AccelerationAnimation.h */ = {isa = PBXFileReference; fileEncoding = 4; lastKnownFileType = sourcecode.c.h; path = AccelerationAnimation.h; sourceTree = "<group>"; };
		4F00A6A718026477003B057C /* AccelerationAnimation.m */ = {isa = PBXFileReference; fileEncoding = 4; lastKnownFileType = sourcecode.c.objc; path = AccelerationAnimation.m; sourceTree = "<group>"; };
		4F00A6A818026477003B057C /* Evaluate.h */ = {isa = PBXFileReference; fileEncoding = 4; lastKnownFileType = sourcecode.c.h; path = Evaluate.h; sourceTree = "<group>"; };
		4F00A6A918026477003B057C /* Evaluate.m */ = {isa = PBXFileReference; fileEncoding = 4; lastKnownFileType = sourcecode.c.objc; path = Evaluate.m; sourceTree = "<group>"; };
		4F00A6AA18026477003B057C /* REBackgroundView.h */ = {isa = PBXFileReference; fileEncoding = 4; lastKnownFileType = sourcecode.c.h; path = REBackgroundView.h; sourceTree = "<group>"; };
		4F00A6AB18026477003B057C /* REBackgroundView.m */ = {isa = PBXFileReference; fileEncoding = 4; lastKnownFileType = sourcecode.c.objc; path = REBackgroundView.m; sourceTree = "<group>"; };
		4F00A6AC18026477003B057C /* RESideMenu.h */ = {isa = PBXFileReference; fileEncoding = 4; lastKnownFileType = sourcecode.c.h; path = RESideMenu.h; sourceTree = "<group>"; };
		4F00A6AD18026477003B057C /* RESideMenu.m */ = {isa = PBXFileReference; fileEncoding = 4; lastKnownFileType = sourcecode.c.objc; path = RESideMenu.m; sourceTree = "<group>"; };
		4F00A6AE18026477003B057C /* RESideMenuCell.h */ = {isa = PBXFileReference; fileEncoding = 4; lastKnownFileType = sourcecode.c.h; path = RESideMenuCell.h; sourceTree = "<group>"; };
		4F00A6AF18026477003B057C /* RESideMenuCell.m */ = {isa = PBXFileReference; fileEncoding = 4; lastKnownFileType = sourcecode.c.objc; path = RESideMenuCell.m; sourceTree = "<group>"; };
		4F00A6B018026477003B057C /* RESideMenuItem.h */ = {isa = PBXFileReference; fileEncoding = 4; lastKnownFileType = sourcecode.c.h; path = RESideMenuItem.h; sourceTree = "<group>"; };
		4F00A6B118026477003B057C /* RESideMenuItem.m */ = {isa = PBXFileReference; fileEncoding = 4; lastKnownFileType = sourcecode.c.objc; path = RESideMenuItem.m; sourceTree = "<group>"; };
		4F00A6B218026477003B057C /* UINavigationController+DelegateFixes.h */ = {isa = PBXFileReference; fileEncoding = 4; lastKnownFileType = sourcecode.c.h; path = "UINavigationController+DelegateFixes.h"; sourceTree = "<group>"; };
		4F00A6B318026477003B057C /* UINavigationController+DelegateFixes.m */ = {isa = PBXFileReference; fileEncoding = 4; lastKnownFileType = sourcecode.c.objc; path = "UINavigationController+DelegateFixes.m"; sourceTree = "<group>"; };
		4F00A6B418026477003B057C /* UIView+ImageSnapshot.h */ = {isa = PBXFileReference; fileEncoding = 4; lastKnownFileType = sourcecode.c.h; path = "UIView+ImageSnapshot.h"; sourceTree = "<group>"; };
		4F00A6B518026477003B057C /* UIView+ImageSnapshot.m */ = {isa = PBXFileReference; fileEncoding = 4; lastKnownFileType = sourcecode.c.objc; path = "UIView+ImageSnapshot.m"; sourceTree = "<group>"; };
		4F00A6B618026477003B057C /* UIViewController+RESideMenu.h */ = {isa = PBXFileReference; fileEncoding = 4; lastKnownFileType = sourcecode.c.h; path = "UIViewController+RESideMenu.h"; sourceTree = "<group>"; };
		4F00A6B718026477003B057C /* UIViewController+RESideMenu.m */ = {isa = PBXFileReference; fileEncoding = 4; lastKnownFileType = sourcecode.c.objc; path = "UIViewController+RESideMenu.m"; sourceTree = "<group>"; };
		4F00A6C61802649E003B057C /* QuartzCore.framework */ = {isa = PBXFileReference; lastKnownFileType = wrapper.framework; name = QuartzCore.framework; path = System/Library/Frameworks/QuartzCore.framework; sourceTree = SDKROOT; };
		4F476EF31D9FE81200610FB2 /* TalkingScene.app */ = {isa = PBXFileReference; explicitFileType = wrapper.application; includeInIndex = 0; path = TalkingScene.app; sourceTree = BUILT_PRODUCTS_DIR; };
		4F476EF61D9FE81200610FB2 /* UIKit.framework */ = {isa = PBXFileReference; lastKnownFileType = wrapper.framework; name = UIKit.framework; path = System/Library/Frameworks/UIKit.framework; sourceTree = SDKROOT; };
		4F476EF81D9FE81200610FB2 /* Foundation.framework */ = {isa = PBXFileReference; lastKnownFileType = wrapper.framework; name = Foundation.framework; path = System/Library/Frameworks/Foundation.framework; sourceTree = SDKROOT; };
		4F476EFA1D9FE81200610FB2 /* CoreGraphics.framework */ = {isa = PBXFileReference; lastKnownFileType = wrapper.framework; name = CoreGraphics.framework; path = System/Library/Frameworks/CoreGraphics.framework; sourceTree = SDKROOT; };
		4F476EFE1D9FE81200610FB2 /* TalkingScene-Info.plist */ = {isa = PBXFileReference; lastKnownFileType = text.plist.xml; path = "TalkingScene-Info.plist"; sourceTree = "<group>"; };
		4F476F001D9FE81200610FB2 /* en */ = {isa = PBXFileReference; lastKnownFileType = text.plist.strings; name = en; path = en.lproj/InfoPlist.strings; sourceTree = "<group>"; };
		4F476F021D9FE81200610FB2 /* main.m */ = {isa = PBXFileReference; lastKnownFileType = sourcecode.c.objc; path = main.m; sourceTree = "<group>"; };
		4F476F041D9FE81200610FB2 /* TalkingScene-Prefix.pch */ = {isa = PBXFileReference; lastKnownFileType = sourcecode.c.h; path = "TalkingScene-Prefix.pch"; sourceTree = "<group>"; };
		4F476F051D9FE81200610FB2 /* AppDelegate.h */ = {isa = PBXFileReference; lastKnownFileType = sourcecode.c.h; path = AppDelegate.h; sourceTree = "<group>"; };
		4F476F061D9FE81200610FB2 /* AppDelegate.m */ = {isa = PBXFileReference; lastKnownFileType = sourcecode.c.objc; path = AppDelegate.m; sourceTree = "<group>"; };
		4F476F081D9FE81200610FB2 /* Default.png */ = {isa = PBXFileReference; lastKnownFileType = image.png; path = Default.png; sourceTree = "<group>"; };
		4F476F0A1D9FE81200610FB2 /* Default@2x.png */ = {isa = PBXFileReference; lastKnownFileType = image.png; path = "Default@2x.png"; sourceTree = "<group>"; };
		4F476F0C1D9FE81200610FB2 /* Default-568h@2x.png */ = {isa = PBXFileReference; lastKnownFileType = image.png; path = "Default-568h@2x.png"; sourceTree = "<group>"; };
		4F476F0E1D9FE81200610FB2 /* ViewController.h */ = {isa = PBXFileReference; lastKnownFileType = sourcecode.c.h; path = ViewController.h; sourceTree = "<group>"; };
		4F476F0F1D9FE81200610FB2 /* ViewController.m */ = {isa = PBXFileReference; lastKnownFileType = sourcecode.c.objc; path = ViewController.m; sourceTree = "<group>"; };
		4F476F121D9FE81200610FB2 /* en */ = {isa = PBXFileReference; lastKnownFileType = file.xib; name = en; path = en.lproj/ViewController.xib; sourceTree = "<group>"; };
		4F57A67318039CA000A581D8 /* TSSceneSelectViewController.h */ = {isa = PBXFileReference; fileEncoding = 4; lastKnownFileType = sourcecode.c.h; path = TSSceneSelectViewController.h; sourceTree = "<group>"; };
		4F57A67418039CA000A581D8 /* TSSceneSelectViewController.m */ = {isa = PBXFileReference; fileEncoding = 4; lastKnownFileType = sourcecode.c.objc; path = TSSceneSelectViewController.m; sourceTree = "<group>"; };
		4F57A67518039CA000A581D8 /* TSSceneSelectViewController.xib */ = {isa = PBXFileReference; fileEncoding = 4; lastKnownFileType = file.xib; path = TSSceneSelectViewController.xib; sourceTree = "<group>"; };
		4F57A67718039CA000A581D8 /* TSStorySelectViewController.h */ = {isa = PBXFileReference; fileEncoding = 4; lastKnownFileType = sourcecode.c.h; path = TSStorySelectViewController.h; sourceTree = "<group>"; };
		4F57A67818039CA000A581D8 /* TSStorySelectViewController.m */ = {isa = PBXFileReference; fileEncoding = 4; lastKnownFileType = sourcecode.c.objc; path = TSStorySelectViewController.m; sourceTree = "<group>"; };
		4F57A67918039CA000A581D8 /* TSStorySelectViewController.xib */ = {isa = PBXFileReference; fileEncoding = 4; lastKnownFileType = file.xib; path = TSStorySelectViewController.xib; sourceTree = "<group>"; };
		4F57A67B18039CA000A581D8 /* TSLoginViewController.h */ = {isa = PBXFileReference; fileEncoding = 4; lastKnownFileType = sourcecode.c.h; path = TSLoginViewController.h; sourceTree = "<group>"; };
		4F57A67C18039CA000A581D8 /* TSLoginViewController.m */ = {isa = PBXFileReference; fileEncoding = 4; lastKnownFileType = sourcecode.c.objc; path = TSLoginViewController.m; sourceTree = "<group>"; };
		4F57A67D18039CA000A581D8 /* TSLoginViewController.xib */ = {isa = PBXFileReference; fileEncoding = 4; lastKnownFileType = file.xib; path = TSLoginViewController.xib; sourceTree = "<group>"; };
		4F57A67F18039CA000A581D8 /* TSBaseViewController.h */ = {isa = PBXFileReference; fileEncoding = 4; lastKnownFileType = sourcecode.c.h; path = TSBaseViewController.h; sourceTree = "<group>"; };
		4F57A68018039CA000A581D8 /* TSBaseViewController.m */ = {isa = PBXFileReference; fileEncoding = 4; lastKnownFileType = sourcecode.c.objc; path = TSBaseViewController.m; sourceTree = "<group>"; };
		4F57A68118039CA000A581D8 /* TSBaseViewController.xib */ = {isa = PBXFileReference; fileEncoding = 4; lastKnownFileType = file.xib; path = TSBaseViewController.xib; sourceTree = "<group>"; };
		4F57A68318039CA000A581D8 /* TSRoleSelectViewController.h */ = {isa = PBXFileReference; fileEncoding = 4; lastKnownFileType = sourcecode.c.h; path = TSRoleSelectViewController.h; sourceTree = "<group>"; };
		4F57A68418039CA000A581D8 /* TSRoleSelectViewController.m */ = {isa = PBXFileReference; fileEncoding = 4; lastKnownFileType = sourcecode.c.objc; path = TSRoleSelectViewController.m; sourceTree = "<group>"; };
		4F57A68518039CA000A581D8 /* TSRoleSelectViewController.xib */ = {isa = PBXFileReference; fileEncoding = 4; lastKnownFileType = file.xib; path = TSRoleSelectViewController.xib; sourceTree = "<group>"; };
		4F57A6941803AB3000A581D8 /* TSGlobalMacros.h */ = {isa = PBXFileReference; fileEncoding = 4; lastKnownFileType = sourcecode.c.h; path = TSGlobalMacros.h; sourceTree = "<group>"; };
		4F5BB4E417FB0A070010B422 /* AVFoundation.framework */ = {isa = PBXFileReference; lastKnownFileType = wrapper.framework; name = AVFoundation.framework; path = System/Library/Frameworks/AVFoundation.framework; sourceTree = SDKROOT; };
		EC26B0E517E9C21D00D2C947 /* DatabaseManager.h */ = {isa = PBXFileReference; fileEncoding = 4; lastKnownFileType = sourcecode.c.h; path = DatabaseManager.h; sourceTree = "<group>"; };
		EC26B0E617E9C23B00D2C947 /* DatabaseManager.cpp */ = {isa = PBXFileReference; fileEncoding = 4; lastKnownFileType = sourcecode.cpp.cpp; path = DatabaseManager.cpp; sourceTree = "<group>"; };
		EC26B0E817E9C61900D2C947 /* Callback.h */ = {isa = PBXFileReference; lastKnownFileType = sourcecode.c.h; path = Callback.h; sourceTree = "<group>"; };
		EC26B0E917E9C61900D2C947 /* MemberCallback.h */ = {isa = PBXFileReference; lastKnownFileType = sourcecode.c.h; path = MemberCallback.h; sourceTree = "<group>"; };
		EC26B0EA17E9C62300D2C947 /* Callback.cpp */ = {isa = PBXFileReference; fileEncoding = 4; lastKnownFileType = sourcecode.cpp.cpp; path = Callback.cpp; sourceTree = "<group>"; };
		EC26B0EB17E9C62300D2C947 /* MemberCallback.cpp */ = {isa = PBXFileReference; fileEncoding = 4; lastKnownFileType = sourcecode.cpp.cpp; path = MemberCallback.cpp; sourceTree = "<group>"; };
		EC26B0EE17E9C65D00D2C947 /* FileManager.h */ = {isa = PBXFileReference; lastKnownFileType = sourcecode.c.h; path = FileManager.h; sourceTree = "<group>"; };
		EC26B0EF17E9C66400D2C947 /* FileManager.cpp */ = {isa = PBXFileReference; fileEncoding = 4; lastKnownFileType = sourcecode.cpp.cpp; path = FileManager.cpp; sourceTree = "<group>"; };
		EC26B0F117E9C67600D2C947 /* PropertyList.h */ = {isa = PBXFileReference; lastKnownFileType = sourcecode.c.h; path = PropertyList.h; sourceTree = "<group>"; };
		EC26B0F217E9C68300D2C947 /* PropertyList.cpp */ = {isa = PBXFileReference; fileEncoding = 4; lastKnownFileType = sourcecode.cpp.cpp; path = PropertyList.cpp; sourceTree = "<group>"; };
		EC26B0F417E9C6EC00D2C947 /* ResultCodes.h */ = {isa = PBXFileReference; lastKnownFileType = sourcecode.c.h; path = ResultCodes.h; sourceTree = "<group>"; };
		EC26B0F517E9C70200D2C947 /* PlatformManager.h */ = {isa = PBXFileReference; lastKnownFileType = sourcecode.c.h; path = PlatformManager.h; sourceTree = "<group>"; };
		EC26B0F617E9C70F00D2C947 /* PlatformManager.cpp */ = {isa = PBXFileReference; fileEncoding = 4; lastKnownFileType = sourcecode.cpp.cpp; path = PlatformManager.cpp; sourceTree = "<group>"; };
		EC26B0F817E9C73B00D2C947 /* StringHelper.h */ = {isa = PBXFileReference; lastKnownFileType = sourcecode.c.h; path = StringHelper.h; sourceTree = "<group>"; };
		EC26B0F917E9C74200D2C947 /* StringHelper.cpp */ = {isa = PBXFileReference; fileEncoding = 4; lastKnownFileType = sourcecode.cpp.cpp; path = StringHelper.cpp; sourceTree = "<group>"; };
		EC26B0FB17E9C75F00D2C947 /* FileHelper.h */ = {isa = PBXFileReference; lastKnownFileType = sourcecode.c.h; path = FileHelper.h; sourceTree = "<group>"; };
		EC26B0FC17E9C76B00D2C947 /* FileHelper.cpp */ = {isa = PBXFileReference; fileEncoding = 4; lastKnownFileType = sourcecode.cpp.cpp; path = FileHelper.cpp; sourceTree = "<group>"; };
		EC26B0FE17E9C82E00D2C947 /* Logger.h */ = {isa = PBXFileReference; lastKnownFileType = sourcecode.c.h; path = Logger.h; sourceTree = "<group>"; };
		EC26B0FF17E9C83500D2C947 /* Logger.cpp */ = {isa = PBXFileReference; fileEncoding = 4; lastKnownFileType = sourcecode.cpp.cpp; path = Logger.cpp; sourceTree = "<group>"; };
		EC26B10117E9C89E00D2C947 /* macros.h */ = {isa = PBXFileReference; lastKnownFileType = sourcecode.c.h; path = macros.h; sourceTree = "<group>"; };
		EC26B10217E9C8C200D2C947 /* SharedPtr.h */ = {isa = PBXFileReference; lastKnownFileType = sourcecode.c.h; path = SharedPtr.h; sourceTree = "<group>"; };
		EC26B10317E9C8C800D2C947 /* SharedPtr.cpp */ = {isa = PBXFileReference; fileEncoding = 4; lastKnownFileType = sourcecode.cpp.cpp; path = SharedPtr.cpp; sourceTree = "<group>"; };
		EC26B10517E9C8F500D2C947 /* Property.h */ = {isa = PBXFileReference; lastKnownFileType = sourcecode.c.h; path = Property.h; sourceTree = "<group>"; };
		EC26B10617E9C8FA00D2C947 /* Property.cpp */ = {isa = PBXFileReference; fileEncoding = 4; lastKnownFileType = sourcecode.cpp.cpp; path = Property.cpp; sourceTree = "<group>"; };
		EC2DA0B11809440A0000EE60 /* libsqlite3.dylib */ = {isa = PBXFileReference; lastKnownFileType = "compiled.mach-o.dylib"; name = libsqlite3.dylib; path = usr/lib/libsqlite3.dylib; sourceTree = SDKROOT; };
/* End PBXFileReference section */

/* Begin PBXFrameworksBuildPhase section */
		4F476EF01D9FE81200610FB2 /* Frameworks */ = {
			isa = PBXFrameworksBuildPhase;
			buildActionMask = 2147483647;
			files = (
				EC2DA0B21809440A0000EE60 /* libsqlite3.dylib in Frameworks */,
				4F00A6C71802649E003B057C /* QuartzCore.framework in Frameworks */,
				4F5BB4E517FB0A070010B422 /* AVFoundation.framework in Frameworks */,
				4F476EF71D9FE81200610FB2 /* UIKit.framework in Frameworks */,
				4F476EF91D9FE81200610FB2 /* Foundation.framework in Frameworks */,
				4F476EFB1D9FE81200610FB2 /* CoreGraphics.framework in Frameworks */,
			);
			runOnlyForDeploymentPostprocessing = 0;
		};
/* End PBXFrameworksBuildPhase section */

/* Begin PBXGroup section */
		4F00A69918026477003B057C /* AssistFramework */ = {
			isa = PBXGroup;
			children = (
				4F00A69A18026477003B057C /* FlipBoard */,
				4F00A6A518026477003B057C /* RESideMenu */,
			);
			path = AssistFramework;
			sourceTree = "<group>";
		};
		4F00A69A18026477003B057C /* FlipBoard */ = {
			isa = PBXGroup;
			children = (
				4F00A69B18026477003B057C /* AnimationDelegate.h */,
				4F00A69C18026477003B057C /* AnimationDelegate.m */,
				4F00A69D18026477003B057C /* AnimationFrame.h */,
				4F00A69E18026477003B057C /* AnimationFrame.m */,
				4F00A69F18026477003B057C /* FlipView.h */,
				4F00A6A018026477003B057C /* FlipView.m */,
				4F00A6A118026477003B057C /* GenericAnimationView.h */,
				4F00A6A218026477003B057C /* GenericAnimationView.m */,
				4F00A6A318026477003B057C /* UIView+Image.h */,
				4F00A6A418026477003B057C /* UIView+Image.m */,
			);
			path = FlipBoard;
			sourceTree = "<group>";
		};
		4F00A6A518026477003B057C /* RESideMenu */ = {
			isa = PBXGroup;
			children = (
				4F00A6A618026477003B057C /* AccelerationAnimation.h */,
				4F00A6A718026477003B057C /* AccelerationAnimation.m */,
				4F00A6A818026477003B057C /* Evaluate.h */,
				4F00A6A918026477003B057C /* Evaluate.m */,
				4F00A6AA18026477003B057C /* REBackgroundView.h */,
				4F00A6AB18026477003B057C /* REBackgroundView.m */,
				4F00A6AC18026477003B057C /* RESideMenu.h */,
				4F00A6AD18026477003B057C /* RESideMenu.m */,
				4F00A6AE18026477003B057C /* RESideMenuCell.h */,
				4F00A6AF18026477003B057C /* RESideMenuCell.m */,
				4F00A6B018026477003B057C /* RESideMenuItem.h */,
				4F00A6B118026477003B057C /* RESideMenuItem.m */,
				4F00A6B218026477003B057C /* UINavigationController+DelegateFixes.h */,
				4F00A6B318026477003B057C /* UINavigationController+DelegateFixes.m */,
				4F00A6B418026477003B057C /* UIView+ImageSnapshot.h */,
				4F00A6B518026477003B057C /* UIView+ImageSnapshot.m */,
				4F00A6B618026477003B057C /* UIViewController+RESideMenu.h */,
				4F00A6B718026477003B057C /* UIViewController+RESideMenu.m */,
			);
			path = RESideMenu;
			sourceTree = "<group>";
		};
		4F476EEA1D9FE81200610FB2 = {
			isa = PBXGroup;
			children = (
				EC2DA0B11809440A0000EE60 /* libsqlite3.dylib */,
				EC26B0E217E9C1D100D2C947 /* include */,
				EC26B0E417E9C1E800D2C947 /* src */,
				4F476EFC1D9FE81200610FB2 /* TalkingScene */,
				4F476EF51D9FE81200610FB2 /* Frameworks */,
				4F476EF41D9FE81200610FB2 /* Products */,
			);
			sourceTree = "<group>";
		};
		4F476EF41D9FE81200610FB2 /* Products */ = {
			isa = PBXGroup;
			children = (
				4F476EF31D9FE81200610FB2 /* TalkingScene.app */,
			);
			name = Products;
			sourceTree = "<group>";
		};
		4F476EF51D9FE81200610FB2 /* Frameworks */ = {
			isa = PBXGroup;
			children = (
				4F00A6C61802649E003B057C /* QuartzCore.framework */,
				4F5BB4E417FB0A070010B422 /* AVFoundation.framework */,
				4F476EF61D9FE81200610FB2 /* UIKit.framework */,
				4F476EF81D9FE81200610FB2 /* Foundation.framework */,
				4F476EFA1D9FE81200610FB2 /* CoreGraphics.framework */,
			);
			name = Frameworks;
			sourceTree = "<group>";
		};
		4F476EFC1D9FE81200610FB2 /* TalkingScene */ = {
			isa = PBXGroup;
			children = (
				4F57A6931803AB3000A581D8 /* 宏 */,
				4F57A67A18039CA000A581D8 /* 登录 */,
				4F57A67618039CA000A581D8 /* 选故事 */,
				4F57A67218039CA000A581D8 /* 选剧情 */,
				4F57A68218039CA000A581D8 /* 选角色 */,
				4F57A67E18039CA000A581D8 /* 基类 */,
				4F00A69918026477003B057C /* AssistFramework */,
				4F476F051D9FE81200610FB2 /* AppDelegate.h */,
				4F476F061D9FE81200610FB2 /* AppDelegate.m */,
				4F476F0E1D9FE81200610FB2 /* ViewController.h */,
				4F476F0F1D9FE81200610FB2 /* ViewController.m */,
				4F476F111D9FE81200610FB2 /* ViewController.xib */,
				4F476EFD1D9FE81200610FB2 /* Supporting Files */,
			);
			path = TalkingScene;
			sourceTree = "<group>";
		};
		4F476EFD1D9FE81200610FB2 /* Supporting Files */ = {
			isa = PBXGroup;
			children = (
				4F476EFE1D9FE81200610FB2 /* TalkingScene-Info.plist */,
				4F476EFF1D9FE81200610FB2 /* InfoPlist.strings */,
				4F476F021D9FE81200610FB2 /* main.m */,
				4F476F041D9FE81200610FB2 /* TalkingScene-Prefix.pch */,
				4F476F081D9FE81200610FB2 /* Default.png */,
				4F476F0A1D9FE81200610FB2 /* Default@2x.png */,
				4F476F0C1D9FE81200610FB2 /* Default-568h@2x.png */,
			);
			name = "Supporting Files";
			sourceTree = "<group>";
		};
		4F57A67218039CA000A581D8 /* 选剧情 */ = {
			isa = PBXGroup;
			children = (
				4F57A67318039CA000A581D8 /* TSSceneSelectViewController.h */,
				4F57A67418039CA000A581D8 /* TSSceneSelectViewController.m */,
				4F57A67518039CA000A581D8 /* TSSceneSelectViewController.xib */,
			);
			name = "选剧情";
			path = SceneSelect;
			sourceTree = "<group>";
		};
		4F57A67618039CA000A581D8 /* 选故事 */ = {
			isa = PBXGroup;
			children = (
				4F57A67718039CA000A581D8 /* TSStorySelectViewController.h */,
				4F57A67818039CA000A581D8 /* TSStorySelectViewController.m */,
				4F57A67918039CA000A581D8 /* TSStorySelectViewController.xib */,
			);
			name = "选故事";
			path = StorySelect;
			sourceTree = "<group>";
		};
		4F57A67A18039CA000A581D8 /* 登录 */ = {
			isa = PBXGroup;
			children = (
				4F57A67B18039CA000A581D8 /* TSLoginViewController.h */,
				4F57A67C18039CA000A581D8 /* TSLoginViewController.m */,
				4F57A67D18039CA000A581D8 /* TSLoginViewController.xib */,
			);
			name = "登录";
			path = Login;
			sourceTree = "<group>";
		};
		4F57A67E18039CA000A581D8 /* 基类 */ = {
			isa = PBXGroup;
			children = (
				4F57A67F18039CA000A581D8 /* TSBaseViewController.h */,
				4F57A68018039CA000A581D8 /* TSBaseViewController.m */,
				4F57A68118039CA000A581D8 /* TSBaseViewController.xib */,
			);
			name = "基类";
			path = BaseClass;
			sourceTree = "<group>";
		};
		4F57A68218039CA000A581D8 /* 选角色 */ = {
			isa = PBXGroup;
			children = (
				4F57A68318039CA000A581D8 /* TSRoleSelectViewController.h */,
				4F57A68418039CA000A581D8 /* TSRoleSelectViewController.m */,
				4F57A68518039CA000A581D8 /* TSRoleSelectViewController.xib */,
			);
			name = "选角色";
			path = RoleSelect;
			sourceTree = "<group>";
		};
		4F57A6931803AB3000A581D8 /* 宏 */ = {
			isa = PBXGroup;
			children = (
				4F57A6941803AB3000A581D8 /* TSGlobalMacros.h */,
			);
			name = "宏";
			path = Macro;
			sourceTree = "<group>";
		};
		EC26B0E217E9C1D100D2C947 /* include */ = {
			isa = PBXGroup;
			children = (
				EC26B10117E9C89E00D2C947 /* macros.h */,
				EC26B0F417E9C6EC00D2C947 /* ResultCodes.h */,
				EC26B0F517E9C70200D2C947 /* PlatformManager.h */,
				EC26B0E517E9C21D00D2C947 /* DatabaseManager.h */,
				EC26B0E817E9C61900D2C947 /* Callback.h */,
				EC26B0E917E9C61900D2C947 /* MemberCallback.h */,
				EC26B0EE17E9C65D00D2C947 /* FileManager.h */,
				EC26B10517E9C8F500D2C947 /* Property.h */,
				EC26B0F117E9C67600D2C947 /* PropertyList.h */,
				EC26B0F817E9C73B00D2C947 /* StringHelper.h */,
				EC26B0FB17E9C75F00D2C947 /* FileHelper.h */,
				EC26B0FE17E9C82E00D2C947 /* Logger.h */,
				EC26B10217E9C8C200D2C947 /* SharedPtr.h */,
			);
			name = include;
			sourceTree = "<group>";
		};
		EC26B0E417E9C1E800D2C947 /* src */ = {
			isa = PBXGroup;
			children = (
				EC26B0E617E9C23B00D2C947 /* DatabaseManager.cpp */,
				EC26B0EA17E9C62300D2C947 /* Callback.cpp */,
				EC26B0EB17E9C62300D2C947 /* MemberCallback.cpp */,
				EC26B0EF17E9C66400D2C947 /* FileManager.cpp */,
				EC26B10617E9C8FA00D2C947 /* Property.cpp */,
				EC26B0F217E9C68300D2C947 /* PropertyList.cpp */,
				EC26B0F617E9C70F00D2C947 /* PlatformManager.cpp */,
				EC26B0F917E9C74200D2C947 /* StringHelper.cpp */,
				EC26B0FC17E9C76B00D2C947 /* FileHelper.cpp */,
				EC26B0FF17E9C83500D2C947 /* Logger.cpp */,
				EC26B10317E9C8C800D2C947 /* SharedPtr.cpp */,
			);
			name = src;
			sourceTree = "<group>";
		};
/* End PBXGroup section */

/* Begin PBXNativeTarget section */
		4F476EF21D9FE81200610FB2 /* TalkingScene */ = {
			isa = PBXNativeTarget;
			buildConfigurationList = 4F476F161D9FE81200610FB2 /* Build configuration list for PBXNativeTarget "TalkingScene" */;
			buildPhases = (
				4F476EEF1D9FE81200610FB2 /* Sources */,
				4F476EF01D9FE81200610FB2 /* Frameworks */,
				4F476EF11D9FE81200610FB2 /* Resources */,
			);
			buildRules = (
			);
			dependencies = (
			);
			name = TalkingScene;
			productName = TalkingScene;
			productReference = 4F476EF31D9FE81200610FB2 /* TalkingScene.app */;
			productType = "com.apple.product-type.application";
		};
/* End PBXNativeTarget section */

/* Begin PBXProject section */
		4F476EEB1D9FE81200610FB2 /* Project object */ = {
			isa = PBXProject;
			attributes = {
				LastUpgradeCheck = 0460;
				ORGANIZATIONNAME = magus;
			};
			buildConfigurationList = 4F476EEE1D9FE81200610FB2 /* Build configuration list for PBXProject "TalkingScene" */;
			compatibilityVersion = "Xcode 3.2";
			developmentRegion = English;
			hasScannedForEncodings = 0;
			knownRegions = (
				en,
			);
			mainGroup = 4F476EEA1D9FE81200610FB2;
			productRefGroup = 4F476EF41D9FE81200610FB2 /* Products */;
			projectDirPath = "";
			projectRoot = "";
			targets = (
				4F476EF21D9FE81200610FB2 /* TalkingScene */,
			);
		};
/* End PBXProject section */

/* Begin PBXResourcesBuildPhase section */
		4F476EF11D9FE81200610FB2 /* Resources */ = {
			isa = PBXResourcesBuildPhase;
			buildActionMask = 2147483647;
			files = (
				4F476F011D9FE81200610FB2 /* InfoPlist.strings in Resources */,
				4F476F091D9FE81200610FB2 /* Default.png in Resources */,
				4F476F0B1D9FE81200610FB2 /* Default@2x.png in Resources */,
				4F476F0D1D9FE81200610FB2 /* Default-568h@2x.png in Resources */,
				4F476F131D9FE81200610FB2 /* ViewController.xib in Resources */,
				4F57A68718039CA000A581D8 /* TSSceneSelectViewController.xib in Resources */,
				4F57A68918039CA000A581D8 /* TSStorySelectViewController.xib in Resources */,
				4F57A68B18039CA000A581D8 /* TSLoginViewController.xib in Resources */,
				4F57A68D18039CA000A581D8 /* TSBaseViewController.xib in Resources */,
				4F57A68F18039CA000A581D8 /* TSRoleSelectViewController.xib in Resources */,
			);
			runOnlyForDeploymentPostprocessing = 0;
		};
/* End PBXResourcesBuildPhase section */

/* Begin PBXSourcesBuildPhase section */
		4F476EEF1D9FE81200610FB2 /* Sources */ = {
			isa = PBXSourcesBuildPhase;
			buildActionMask = 2147483647;
			files = (
				4F476F031D9FE81200610FB2 /* main.m in Sources */,
				4F476F071D9FE81200610FB2 /* AppDelegate.m in Sources */,
				EC26B0EC17E9C62300D2C947 /* Callback.cpp in Sources */,
				4F476F101D9FE81200610FB2 /* ViewController.m in Sources */,
				EC26B0FA17E9C74200D2C947 /* StringHelper.cpp in Sources */,
				4F00A6B818026477003B057C /* AnimationDelegate.m in Sources */,
				4F00A6B918026477003B057C /* AnimationFrame.m in Sources */,
				4F00A6BA18026477003B057C /* FlipView.m in Sources */,
				4F00A6BB18026477003B057C /* GenericAnimationView.m in Sources */,
				4F00A6BC18026477003B057C /* UIView+Image.m in Sources */,
				4F00A6BD18026477003B057C /* AccelerationAnimation.m in Sources */,
				EC26B10417E9C8C800D2C947 /* SharedPtr.cpp in Sources */,
				4F00A6BE18026477003B057C /* Evaluate.m in Sources */,
				EC26B0E717E9C23B00D2C947 /* DatabaseManager.cpp in Sources */,
				EC26B10717E9C8FA00D2C947 /* Property.cpp in Sources */,
				EC26B0F717E9C70F00D2C947 /* PlatformManager.cpp in Sources */,
				EC26B0F317E9C68300D2C947 /* PropertyList.cpp in Sources */,
				4F00A6BF18026477003B057C /* REBackgroundView.m in Sources */,
				4F00A6C018026477003B057C /* RESideMenu.m in Sources */,
				4F00A6C118026477003B057C /* RESideMenuCell.m in Sources */,
				4F00A6C218026477003B057C /* RESideMenuItem.m in Sources */,
				4F00A6C318026477003B057C /* UINavigationController+DelegateFixes.m in Sources */,
				4F00A6C418026477003B057C /* UIView+ImageSnapshot.m in Sources */,
				4F00A6C518026477003B057C /* UIViewController+RESideMenu.m in Sources */,
				4F57A68618039CA000A581D8 /* TSSceneSelectViewController.m in Sources */,
				EC26B0ED17E9C62300D2C947 /* MemberCallback.cpp in Sources */,
				EC26B0F017E9C66400D2C947 /* FileManager.cpp in Sources */,
				EC26B0FD17E9C76B00D2C947 /* FileHelper.cpp in Sources */,
				EC26B10017E9C83500D2C947 /* Logger.cpp in Sources */,
				4F57A68818039CA000A581D8 /* TSStorySelectViewController.m in Sources */,
				4F57A68A18039CA000A581D8 /* TSLoginViewController.m in Sources */,
				4F57A68C18039CA000A581D8 /* TSBaseViewController.m in Sources */,
				4F57A68E18039CA000A581D8 /* TSRoleSelectViewController.m in Sources */,
			);
			runOnlyForDeploymentPostprocessing = 0;
		};
/* End PBXSourcesBuildPhase section */

/* Begin PBXVariantGroup section */
		4F476EFF1D9FE81200610FB2 /* InfoPlist.strings */ = {
			isa = PBXVariantGroup;
			children = (
				4F476F001D9FE81200610FB2 /* en */,
			);
			name = InfoPlist.strings;
			sourceTree = "<group>";
		};
		4F476F111D9FE81200610FB2 /* ViewController.xib */ = {
			isa = PBXVariantGroup;
			children = (
				4F476F121D9FE81200610FB2 /* en */,
			);
			name = ViewController.xib;
			sourceTree = "<group>";
		};
/* End PBXVariantGroup section */

/* Begin XCBuildConfiguration section */
		4F476F141D9FE81200610FB2 /* Debug */ = {
			isa = XCBuildConfiguration;
			buildSettings = {
				ALWAYS_SEARCH_USER_PATHS = NO;
				CLANG_CXX_LANGUAGE_STANDARD = "gnu++0x";
				CLANG_CXX_LIBRARY = "libc++";
				CLANG_WARN_CONSTANT_CONVERSION = YES;
				CLANG_WARN_EMPTY_BODY = YES;
				CLANG_WARN_ENUM_CONVERSION = YES;
				CLANG_WARN_INT_CONVERSION = YES;
				CLANG_WARN__DUPLICATE_METHOD_MATCH = YES;
				"CODE_SIGN_IDENTITY[sdk=iphoneos*]" = "iPhone Developer";
				COPY_PHASE_STRIP = NO;
				GCC_C_LANGUAGE_STANDARD = gnu99;
				GCC_DYNAMIC_NO_PIC = NO;
				GCC_OPTIMIZATION_LEVEL = 0;
				GCC_PREPROCESSOR_DEFINITIONS = (
					"DEBUG=1",
					"$(inherited)",
				);
				GCC_SYMBOLS_PRIVATE_EXTERN = NO;
				GCC_WARN_ABOUT_RETURN_TYPE = YES;
				GCC_WARN_UNINITIALIZED_AUTOS = YES;
				GCC_WARN_UNUSED_VARIABLE = YES;
				IPHONEOS_DEPLOYMENT_TARGET = 6.1;
				ONLY_ACTIVE_ARCH = YES;
				SDKROOT = iphoneos;
			};
			name = Debug;
		};
		4F476F151D9FE81200610FB2 /* Release */ = {
			isa = XCBuildConfiguration;
			buildSettings = {
				ALWAYS_SEARCH_USER_PATHS = NO;
				CLANG_CXX_LANGUAGE_STANDARD = "gnu++0x";
				CLANG_CXX_LIBRARY = "libc++";
				CLANG_WARN_CONSTANT_CONVERSION = YES;
				CLANG_WARN_EMPTY_BODY = YES;
				CLANG_WARN_ENUM_CONVERSION = YES;
				CLANG_WARN_INT_CONVERSION = YES;
				CLANG_WARN__DUPLICATE_METHOD_MATCH = YES;
				"CODE_SIGN_IDENTITY[sdk=iphoneos*]" = "iPhone Developer";
				COPY_PHASE_STRIP = YES;
				GCC_C_LANGUAGE_STANDARD = gnu99;
				GCC_WARN_ABOUT_RETURN_TYPE = YES;
				GCC_WARN_UNINITIALIZED_AUTOS = YES;
				GCC_WARN_UNUSED_VARIABLE = YES;
				IPHONEOS_DEPLOYMENT_TARGET = 6.1;
				OTHER_CFLAGS = "-DNS_BLOCK_ASSERTIONS=1";
				SDKROOT = iphoneos;
				VALIDATE_PRODUCT = YES;
			};
			name = Release;
		};
		4F476F171D9FE81200610FB2 /* Debug */ = {
			isa = XCBuildConfiguration;
			buildSettings = {
				GCC_PRECOMPILE_PREFIX_HEADER = YES;
				GCC_PREFIX_HEADER = "TalkingScene/TalkingScene-Prefix.pch";
				INFOPLIST_FILE = "TalkingScene/TalkingScene-Info.plist";
				LIBRARY_SEARCH_PATHS = "$(inherited)";
				"LIBRARY_SEARCH_PATHS[arch=*]" = (
					"$(inherited)",
					"\"$(SRSROOT)/Release-iphonesimulator\"",
					"\"$(SRSROOT)/Release-iphones\"",
				);
				ONLY_ACTIVE_ARCH = YES;
				PRODUCT_NAME = "$(TARGET_NAME)";
				RUN_CLANG_STATIC_ANALYZER = YES;
				WRAPPER_EXTENSION = app;
			};
			name = Debug;
		};
		4F476F181D9FE81200610FB2 /* Release */ = {
			isa = XCBuildConfiguration;
			buildSettings = {
				GCC_PRECOMPILE_PREFIX_HEADER = YES;
				GCC_PREFIX_HEADER = "TalkingScene/TalkingScene-Prefix.pch";
				INFOPLIST_FILE = "TalkingScene/TalkingScene-Info.plist";
				LIBRARY_SEARCH_PATHS = "$(inherited)";
				"LIBRARY_SEARCH_PATHS[arch=*]" = (
					"$(inherited)",
					"\"$(SRSROOT)/Release-iphonesimulator\"",
					"\"$(SRSROOT)/Release-iphones\"",
				);
				ONLY_ACTIVE_ARCH = YES;
				PRODUCT_NAME = "$(TARGET_NAME)";
				RUN_CLANG_STATIC_ANALYZER = YES;
				WRAPPER_EXTENSION = app;
			};
			name = Release;
		};
/* End XCBuildConfiguration section */

/* Begin XCConfigurationList section */
		4F476EEE1D9FE81200610FB2 /* Build configuration list for PBXProject "TalkingScene" */ = {
			isa = XCConfigurationList;
			buildConfigurations = (
				4F476F141D9FE81200610FB2 /* Debug */,
				4F476F151D9FE81200610FB2 /* Release */,
			);
			defaultConfigurationIsVisible = 0;
			defaultConfigurationName = Release;
		};
		4F476F161D9FE81200610FB2 /* Build configuration list for PBXNativeTarget "TalkingScene" */ = {
			isa = XCConfigurationList;
			buildConfigurations = (
				4F476F171D9FE81200610FB2 /* Debug */,
				4F476F181D9FE81200610FB2 /* Release */,
			);
			defaultConfigurationIsVisible = 0;
			defaultConfigurationName = Release;
		};
/* End XCConfigurationList section */
	};
	rootObject = 4F476EEB1D9FE81200610FB2 /* Project object */;
}
